// !$*UTF8*$!
{
	archiveVersion = 1;
	classes = {
	};
	objectVersion = 46;
	objects = {

/* Begin PBXBuildFile section */
		341057601973D8C700421137 /* AuthorizationViewController.swift in Sources */ = {isa = PBXBuildFile; fileRef = 3410575F1973D8C700421137 /* AuthorizationViewController.swift */; };
		341057621973D8E400421137 /* FuckJSON.swift in Sources */ = {isa = PBXBuildFile; fileRef = 341057611973D8E400421137 /* FuckJSON.swift */; };
		341057641973D90000421137 /* FuckHttp.swift in Sources */ = {isa = PBXBuildFile; fileRef = 341057631973D90000421137 /* FuckHttp.swift */; };
		341057661973D90A00421137 /* AuthorizationViewController.xib in Resources */ = {isa = PBXBuildFile; fileRef = 341057651973D90A00421137 /* AuthorizationViewController.xib */; };
		341057681973D91100421137 /* SearchViewController.swift in Sources */ = {isa = PBXBuildFile; fileRef = 341057671973D91100421137 /* SearchViewController.swift */; };
		3410576A1973D91600421137 /* SearchViewController.xib in Resources */ = {isa = PBXBuildFile; fileRef = 341057691973D91600421137 /* SearchViewController.xib */; };
		34B8C864197305DD00E4ADE0 /* AppDelegate.swift in Sources */ = {isa = PBXBuildFile; fileRef = 34B8C863197305DD00E4ADE0 /* AppDelegate.swift */; };
		34B8C866197305DD00E4ADE0 /* ViewController.swift in Sources */ = {isa = PBXBuildFile; fileRef = 34B8C865197305DD00E4ADE0 /* ViewController.swift */; };
		34B8C869197305DD00E4ADE0 /* Main.storyboard in Resources */ = {isa = PBXBuildFile; fileRef = 34B8C867197305DD00E4ADE0 /* Main.storyboard */; };
		34B8C86B197305DD00E4ADE0 /* Images.xcassets in Resources */ = {isa = PBXBuildFile; fileRef = 34B8C86A197305DD00E4ADE0 /* Images.xcassets */; };
		34B8C877197305DD00E4ADE0 /* FinalShanBayTests.swift in Sources */ = {isa = PBXBuildFile; fileRef = 34B8C876197305DD00E4ADE0 /* FinalShanBayTests.swift */; };
		34B8C8861973065E00E4ADE0 /* CopyMsgNotificationBackground.m in Sources */ = {isa = PBXBuildFile; fileRef = 34B8C8851973065E00E4ADE0 /* CopyMsgNotificationBackground.m */; };
		34B8C890197308AB00E4ADE0 /* AppConfig.m in Sources */ = {isa = PBXBuildFile; fileRef = 34B8C88F197308AB00E4ADE0 /* AppConfig.m */; };
/* End PBXBuildFile section */

/* Begin PBXContainerItemProxy section */
		34B8C871197305DD00E4ADE0 /* PBXContainerItemProxy */ = {
			isa = PBXContainerItemProxy;
			containerPortal = 34B8C856197305DD00E4ADE0 /* Project object */;
			proxyType = 1;
			remoteGlobalIDString = 34B8C85D197305DD00E4ADE0;
			remoteInfo = FinalShanBay;
		};
/* End PBXContainerItemProxy section */

/* Begin PBXFileReference section */
		3410575F1973D8C700421137 /* AuthorizationViewController.swift */ = {isa = PBXFileReference; fileEncoding = 4; lastKnownFileType = sourcecode.swift; path = AuthorizationViewController.swift; sourceTree = "<group>"; };
		341057611973D8E400421137 /* FuckJSON.swift */ = {isa = PBXFileReference; fileEncoding = 4; lastKnownFileType = sourcecode.swift; path = FuckJSON.swift; sourceTree = "<group>"; };
		341057631973D90000421137 /* FuckHttp.swift */ = {isa = PBXFileReference; fileEncoding = 4; lastKnownFileType = sourcecode.swift; path = FuckHttp.swift; sourceTree = "<group>"; };
		341057651973D90A00421137 /* AuthorizationViewController.xib */ = {isa = PBXFileReference; fileEncoding = 4; lastKnownFileType = file.xib; path = AuthorizationViewController.xib; sourceTree = "<group>"; };
		341057671973D91100421137 /* SearchViewController.swift */ = {isa = PBXFileReference; fileEncoding = 4; lastKnownFileType = sourcecode.swift; path = SearchViewController.swift; sourceTree = "<group>"; };
		341057691973D91600421137 /* SearchViewController.xib */ = {isa = PBXFileReference; fileEncoding = 4; lastKnownFileType = file.xib; path = SearchViewController.xib; sourceTree = "<group>"; };
		34B8C85E197305DD00E4ADE0 /* FinalShanBay.app */ = {isa = PBXFileReference; explicitFileType = wrapper.application; includeInIndex = 0; path = FinalShanBay.app; sourceTree = BUILT_PRODUCTS_DIR; };
		34B8C862197305DD00E4ADE0 /* Info.plist */ = {isa = PBXFileReference; lastKnownFileType = text.plist.xml; path = Info.plist; sourceTree = "<group>"; };
		34B8C863197305DD00E4ADE0 /* AppDelegate.swift */ = {isa = PBXFileReference; lastKnownFileType = sourcecode.swift; path = AppDelegate.swift; sourceTree = "<group>"; };
		34B8C865197305DD00E4ADE0 /* ViewController.swift */ = {isa = PBXFileReference; lastKnownFileType = sourcecode.swift; path = ViewController.swift; sourceTree = "<group>"; };
		34B8C868197305DD00E4ADE0 /* Base */ = {isa = PBXFileReference; lastKnownFileType = file.storyboard; name = Base; path = Base.lproj/Main.storyboard; sourceTree = "<group>"; };
		34B8C86A197305DD00E4ADE0 /* Images.xcassets */ = {isa = PBXFileReference; lastKnownFileType = folder.assetcatalog; path = Images.xcassets; sourceTree = "<group>"; };
		34B8C870197305DD00E4ADE0 /* FinalShanBayTests.xctest */ = {isa = PBXFileReference; explicitFileType = wrapper.cfbundle; includeInIndex = 0; path = FinalShanBayTests.xctest; sourceTree = BUILT_PRODUCTS_DIR; };
		34B8C875197305DD00E4ADE0 /* Info.plist */ = {isa = PBXFileReference; lastKnownFileType = text.plist.xml; path = Info.plist; sourceTree = "<group>"; };
		34B8C876197305DD00E4ADE0 /* FinalShanBayTests.swift */ = {isa = PBXFileReference; lastKnownFileType = sourcecode.swift; path = FinalShanBayTests.swift; sourceTree = "<group>"; };
		34B8C8801973060600E4ADE0 /* FinalShanBay-Bridging-Header.h */ = {isa = PBXFileReference; lastKnownFileType = sourcecode.c.h; path = "FinalShanBay-Bridging-Header.h"; sourceTree = "<group>"; };
		34B8C8841973065E00E4ADE0 /* CopyMsgNotificationBackground.h */ = {isa = PBXFileReference; fileEncoding = 4; lastKnownFileType = sourcecode.c.h; path = CopyMsgNotificationBackground.h; sourceTree = "<group>"; };
		34B8C8851973065E00E4ADE0 /* CopyMsgNotificationBackground.m */ = {isa = PBXFileReference; fileEncoding = 4; lastKnownFileType = sourcecode.c.objc; path = CopyMsgNotificationBackground.m; sourceTree = "<group>"; };
		34B8C88D197308AB00E4ADE0 /* ARCSingletonTemplate.h */ = {isa = PBXFileReference; fileEncoding = 4; lastKnownFileType = sourcecode.c.h; path = ARCSingletonTemplate.h; sourceTree = "<group>"; };
		34B8C88E197308AB00E4ADE0 /* AppConfig.h */ = {isa = PBXFileReference; fileEncoding = 4; lastKnownFileType = sourcecode.c.h; path = AppConfig.h; sourceTree = "<group>"; };
		34B8C88F197308AB00E4ADE0 /* AppConfig.m */ = {isa = PBXFileReference; fileEncoding = 4; lastKnownFileType = sourcecode.c.objc; path = AppConfig.m; sourceTree = "<group>"; };
/* End PBXFileReference section */

/* Begin PBXFrameworksBuildPhase section */
		34B8C85B197305DD00E4ADE0 /* Frameworks */ = {
			isa = PBXFrameworksBuildPhase;
			buildActionMask = 2147483647;
			files = (
			);
			runOnlyForDeploymentPostprocessing = 0;
		};
		34B8C86D197305DD00E4ADE0 /* Frameworks */ = {
			isa = PBXFrameworksBuildPhase;
			buildActionMask = 2147483647;
			files = (
			);
			runOnlyForDeploymentPostprocessing = 0;
		};
/* End PBXFrameworksBuildPhase section */

/* Begin PBXGroup section */
		34B8C855197305DD00E4ADE0 = {
			isa = PBXGroup;
			children = (
				34B8C860197305DD00E4ADE0 /* FinalShanBay */,
				34B8C873197305DD00E4ADE0 /* FinalShanBayTests */,
				34B8C85F197305DD00E4ADE0 /* Products */,
			);
			sourceTree = "<group>";
		};
		34B8C85F197305DD00E4ADE0 /* Products */ = {
			isa = PBXGroup;
			children = (
				34B8C85E197305DD00E4ADE0 /* FinalShanBay.app */,
				34B8C870197305DD00E4ADE0 /* FinalShanBayTests.xctest */,
			);
			name = Products;
			sourceTree = "<group>";
		};
		34B8C860197305DD00E4ADE0 /* FinalShanBay */ = {
			isa = PBXGroup;
			children = (
				34B8C863197305DD00E4ADE0 /* AppDelegate.swift */,
				3410575F1973D8C700421137 /* AuthorizationViewController.swift */,
				341057651973D90A00421137 /* AuthorizationViewController.xib */,
				341057671973D91100421137 /* SearchViewController.swift */,
				341057691973D91600421137 /* SearchViewController.xib */,
				341057631973D90000421137 /* FuckHttp.swift */,
				341057611973D8E400421137 /* FuckJSON.swift */,
				34B8C865197305DD00E4ADE0 /* ViewController.swift */,
				34B8C867197305DD00E4ADE0 /* Main.storyboard */,
				34B8C86A197305DD00E4ADE0 /* Images.xcassets */,
				34B8C861197305DD00E4ADE0 /* Supporting Files */,
				34B8C8801973060600E4ADE0 /* FinalShanBay-Bridging-Header.h */,
				34B8C8841973065E00E4ADE0 /* CopyMsgNotificationBackground.h */,
				34B8C8851973065E00E4ADE0 /* CopyMsgNotificationBackground.m */,
				34B8C88D197308AB00E4ADE0 /* ARCSingletonTemplate.h */,
				34B8C88E197308AB00E4ADE0 /* AppConfig.h */,
				34B8C88F197308AB00E4ADE0 /* AppConfig.m */,
			);
			path = FinalShanBay;
			sourceTree = "<group>";
		};
		34B8C861197305DD00E4ADE0 /* Supporting Files */ = {
			isa = PBXGroup;
			children = (
				34B8C862197305DD00E4ADE0 /* Info.plist */,
			);
			name = "Supporting Files";
			sourceTree = "<group>";
		};
		34B8C873197305DD00E4ADE0 /* FinalShanBayTests */ = {
			isa = PBXGroup;
			children = (
				34B8C876197305DD00E4ADE0 /* FinalShanBayTests.swift */,
				34B8C874197305DD00E4ADE0 /* Supporting Files */,
			);
			path = FinalShanBayTests;
			sourceTree = "<group>";
		};
		34B8C874197305DD00E4ADE0 /* Supporting Files */ = {
			isa = PBXGroup;
			children = (
				34B8C875197305DD00E4ADE0 /* Info.plist */,
			);
			name = "Supporting Files";
			sourceTree = "<group>";
		};
/* End PBXGroup section */

/* Begin PBXNativeTarget section */
		34B8C85D197305DD00E4ADE0 /* FinalShanBay */ = {
			isa = PBXNativeTarget;
			buildConfigurationList = 34B8C87A197305DD00E4ADE0 /* Build configuration list for PBXNativeTarget "FinalShanBay" */;
			buildPhases = (
				34B8C85A197305DD00E4ADE0 /* Sources */,
				34B8C85B197305DD00E4ADE0 /* Frameworks */,
				34B8C85C197305DD00E4ADE0 /* Resources */,
			);
			buildRules = (
			);
			dependencies = (
			);
			name = FinalShanBay;
			productName = FinalShanBay;
			productReference = 34B8C85E197305DD00E4ADE0 /* FinalShanBay.app */;
			productType = "com.apple.product-type.application";
		};
		34B8C86F197305DD00E4ADE0 /* FinalShanBayTests */ = {
			isa = PBXNativeTarget;
			buildConfigurationList = 34B8C87D197305DD00E4ADE0 /* Build configuration list for PBXNativeTarget "FinalShanBayTests" */;
			buildPhases = (
				34B8C86C197305DD00E4ADE0 /* Sources */,
				34B8C86D197305DD00E4ADE0 /* Frameworks */,
				34B8C86E197305DD00E4ADE0 /* Resources */,
			);
			buildRules = (
			);
			dependencies = (
				34B8C872197305DD00E4ADE0 /* PBXTargetDependency */,
			);
			name = FinalShanBayTests;
			productName = FinalShanBayTests;
			productReference = 34B8C870197305DD00E4ADE0 /* FinalShanBayTests.xctest */;
			productType = "com.apple.product-type.bundle.unit-test";
		};
/* End PBXNativeTarget section */

/* Begin PBXProject section */
		34B8C856197305DD00E4ADE0 /* Project object */ = {
			isa = PBXProject;
			attributes = {
				LastUpgradeCheck = 0600;
				ORGANIZATIONNAME = caoyuan;
				TargetAttributes = {
					34B8C85D197305DD00E4ADE0 = {
						CreatedOnToolsVersion = 6.0;
					};
					34B8C86F197305DD00E4ADE0 = {
						CreatedOnToolsVersion = 6.0;
						TestTargetID = 34B8C85D197305DD00E4ADE0;
					};
				};
			};
			buildConfigurationList = 34B8C859197305DD00E4ADE0 /* Build configuration list for PBXProject "FinalShanBay" */;
			compatibilityVersion = "Xcode 3.2";
			developmentRegion = English;
			hasScannedForEncodings = 0;
			knownRegions = (
				en,
				Base,
			);
			mainGroup = 34B8C855197305DD00E4ADE0;
			productRefGroup = 34B8C85F197305DD00E4ADE0 /* Products */;
			projectDirPath = "";
			projectRoot = "";
			targets = (
				34B8C85D197305DD00E4ADE0 /* FinalShanBay */,
				34B8C86F197305DD00E4ADE0 /* FinalShanBayTests */,
			);
		};
/* End PBXProject section */

/* Begin PBXResourcesBuildPhase section */
		34B8C85C197305DD00E4ADE0 /* Resources */ = {
			isa = PBXResourcesBuildPhase;
			buildActionMask = 2147483647;
			files = (
				34B8C869197305DD00E4ADE0 /* Main.storyboard in Resources */,
				34B8C86B197305DD00E4ADE0 /* Images.xcassets in Resources */,
				3410576A1973D91600421137 /* SearchViewController.xib in Resources */,
				341057661973D90A00421137 /* AuthorizationViewController.xib in Resources */,
			);
			runOnlyForDeploymentPostprocessing = 0;
		};
		34B8C86E197305DD00E4ADE0 /* Resources */ = {
			isa = PBXResourcesBuildPhase;
			buildActionMask = 2147483647;
			files = (
			);
			runOnlyForDeploymentPostprocessing = 0;
		};
/* End PBXResourcesBuildPhase section */

/* Begin PBXSourcesBuildPhase section */
		34B8C85A197305DD00E4ADE0 /* Sources */ = {
			isa = PBXSourcesBuildPhase;
			buildActionMask = 2147483647;
			files = (
				341057621973D8E400421137 /* FuckJSON.swift in Sources */,
				34B8C866197305DD00E4ADE0 /* ViewController.swift in Sources */,
				341057681973D91100421137 /* SearchViewController.swift in Sources */,
				341057641973D90000421137 /* FuckHttp.swift in Sources */,
				34B8C890197308AB00E4ADE0 /* AppConfig.m in Sources */,
				34B8C8861973065E00E4ADE0 /* CopyMsgNotificationBackground.m in Sources */,
				341057601973D8C700421137 /* AuthorizationViewController.swift in Sources */,
				34B8C864197305DD00E4ADE0 /* AppDelegate.swift in Sources */,
			);
			runOnlyForDeploymentPostprocessing = 0;
		};
		34B8C86C197305DD00E4ADE0 /* Sources */ = {
			isa = PBXSourcesBuildPhase;
			buildActionMask = 2147483647;
			files = (
				34B8C877197305DD00E4ADE0 /* FinalShanBayTests.swift in Sources */,
			);
			runOnlyForDeploymentPostprocessing = 0;
		};
/* End PBXSourcesBuildPhase section */

/* Begin PBXTargetDependency section */
		34B8C872197305DD00E4ADE0 /* PBXTargetDependency */ = {
			isa = PBXTargetDependency;
			target = 34B8C85D197305DD00E4ADE0 /* FinalShanBay */;
			targetProxy = 34B8C871197305DD00E4ADE0 /* PBXContainerItemProxy */;
		};
/* End PBXTargetDependency section */

/* Begin PBXVariantGroup section */
		34B8C867197305DD00E4ADE0 /* Main.storyboard */ = {
			isa = PBXVariantGroup;
			children = (
				34B8C868197305DD00E4ADE0 /* Base */,
			);
			name = Main.storyboard;
			sourceTree = "<group>";
		};
/* End PBXVariantGroup section */

/* Begin XCBuildConfiguration section */
		34B8C878197305DD00E4ADE0 /* Debug */ = {
			isa = XCBuildConfiguration;
			buildSettings = {
				ALWAYS_SEARCH_USER_PATHS = NO;
				CLANG_CXX_LANGUAGE_STANDARD = "gnu++0x";
				CLANG_CXX_LIBRARY = "libc++";
				CLANG_ENABLE_MODULES = YES;
				CLANG_ENABLE_OBJC_ARC = YES;
				CLANG_WARN_BOOL_CONVERSION = YES;
				CLANG_WARN_CONSTANT_CONVERSION = YES;
				CLANG_WARN_DIRECT_OBJC_ISA_USAGE = YES_ERROR;
				CLANG_WARN_EMPTY_BODY = YES;
				CLANG_WARN_ENUM_CONVERSION = YES;
				CLANG_WARN_INT_CONVERSION = YES;
				CLANG_WARN_OBJC_ROOT_CLASS = YES_ERROR;
				CLANG_WARN_UNREACHABLE_CODE = YES;
				CLANG_WARN__DUPLICATE_METHOD_MATCH = YES;
				"CODE_SIGN_IDENTITY[sdk=iphoneos*]" = "iPhone Developer";
				COPY_PHASE_STRIP = NO;
				ENABLE_STRICT_OBJC_MSGSEND = YES;
				GCC_C_LANGUAGE_STANDARD = gnu99;
				GCC_DYNAMIC_NO_PIC = NO;
				GCC_OPTIMIZATION_LEVEL = 0;
				GCC_PREPROCESSOR_DEFINITIONS = (
					"DEBUG=1",
					"$(inherited)",
				);
				GCC_SYMBOLS_PRIVATE_EXTERN = NO;
				GCC_WARN_64_TO_32_BIT_CONVERSION = YES;
				GCC_WARN_ABOUT_RETURN_TYPE = YES_ERROR;
				GCC_WARN_UNDECLARED_SELECTOR = YES;
				GCC_WARN_UNINITIALIZED_AUTOS = YES_AGGRESSIVE;
				GCC_WARN_UNUSED_FUNCTION = YES;
				GCC_WARN_UNUSED_VARIABLE = YES;
				IPHONEOS_DEPLOYMENT_TARGET = 8.0;
				METAL_ENABLE_DEBUG_INFO = YES;
				ONLY_ACTIVE_ARCH = YES;
				SDKROOT = iphoneos;
				SWIFT_OPTIMIZATION_LEVEL = "-Onone";
			};
			name = Debug;
		};
		34B8C879197305DD00E4ADE0 /* Release */ = {
			isa = XCBuildConfiguration;
			buildSettings = {
				ALWAYS_SEARCH_USER_PATHS = NO;
				CLANG_CXX_LANGUAGE_STANDARD = "gnu++0x";
				CLANG_CXX_LIBRARY = "libc++";
				CLANG_ENABLE_MODULES = YES;
				CLANG_ENABLE_OBJC_ARC = YES;
				CLANG_WARN_BOOL_CONVERSION = YES;
				CLANG_WARN_CONSTANT_CONVERSION = YES;
				CLANG_WARN_DIRECT_OBJC_ISA_USAGE = YES_ERROR;
				CLANG_WARN_EMPTY_BODY = YES;
				CLANG_WARN_ENUM_CONVERSION = YES;
				CLANG_WARN_INT_CONVERSION = YES;
				CLANG_WARN_OBJC_ROOT_CLASS = YES_ERROR;
				CLANG_WARN_UNREACHABLE_CODE = YES;
				CLANG_WARN__DUPLICATE_METHOD_MATCH = YES;
				"CODE_SIGN_IDENTITY[sdk=iphoneos*]" = "iPhone Developer";
				COPY_PHASE_STRIP = YES;
				ENABLE_NS_ASSERTIONS = NO;
				ENABLE_STRICT_OBJC_MSGSEND = YES;
				GCC_C_LANGUAGE_STANDARD = gnu99;
				GCC_WARN_64_TO_32_BIT_CONVERSION = YES;
				GCC_WARN_ABOUT_RETURN_TYPE = YES_ERROR;
				GCC_WARN_UNDECLARED_SELECTOR = YES;
				GCC_WARN_UNINITIALIZED_AUTOS = YES_AGGRESSIVE;
				GCC_WARN_UNUSED_FUNCTION = YES;
				GCC_WARN_UNUSED_VARIABLE = YES;
				IPHONEOS_DEPLOYMENT_TARGET = 8.0;
				METAL_ENABLE_DEBUG_INFO = NO;
				SDKROOT = iphoneos;
				VALIDATE_PRODUCT = YES;
			};
			name = Release;
		};
		34B8C87B197305DD00E4ADE0 /* Debug */ = {
			isa = XCBuildConfiguration;
			buildSettings = {
				ASSETCATALOG_COMPILER_APPICON_NAME = AppIcon;
				ASSETCATALOG_COMPILER_LAUNCHIMAGE_NAME = LaunchImage;
				CLANG_ENABLE_MODULES = YES;
				INFOPLIST_FILE = FinalShanBay/Info.plist;
				IPHONEOS_DEPLOYMENT_TARGET = 7.0;
				LD_RUNPATH_SEARCH_PATHS = "$(inherited) @executable_path/Frameworks";
				PRODUCT_NAME = "$(TARGET_NAME)";
				SWIFT_OBJC_BRIDGING_HEADER = "FinalShanBay/FinalShanBay-Bridging-Header.h";
				SWIFT_OPTIMIZATION_LEVEL = "-Onone";
			};
			name = Debug;
		};
		34B8C87C197305DD00E4ADE0 /* Release */ = {
			isa = XCBuildConfiguration;
			buildSettings = {
				ASSETCATALOG_COMPILER_APPICON_NAME = AppIcon;
				ASSETCATALOG_COMPILER_LAUNCHIMAGE_NAME = LaunchImage;
				CLANG_ENABLE_MODULES = YES;
				INFOPLIST_FILE = FinalShanBay/Info.plist;
				IPHONEOS_DEPLOYMENT_TARGET = 7.0;
				LD_RUNPATH_SEARCH_PATHS = "$(inherited) @executable_path/Frameworks";
				PRODUCT_NAME = "$(TARGET_NAME)";
				SWIFT_OBJC_BRIDGING_HEADER = "FinalShanBay/FinalShanBay-Bridging-Header.h";
			};
			name = Release;
		};
		34B8C87E197305DD00E4ADE0 /* Debug */ = {
			isa = XCBuildConfiguration;
			buildSettings = {
				BUNDLE_LOADER = "$(BUILT_PRODUCTS_DIR)/FinalShanBay.app/FinalShanBay";
				FRAMEWORK_SEARCH_PATHS = (
					"$(SDKROOT)/Developer/Library/Frameworks",
					"$(inherited)",
				);
				GCC_PREPROCESSOR_DEFINITIONS = (
					"DEBUG=1",
					"$(inherited)",
				);
				INFOPLIST_FILE = FinalShanBayTests/Info.plist;
				LD_RUNPATH_SEARCH_PATHS = "$(inherited) @executable_path/Frameworks @loader_path/Frameworks";
				METAL_ENABLE_DEBUG_INFO = YES;
				PRODUCT_NAME = "$(TARGET_NAME)";
				TEST_HOST = "$(BUNDLE_LOADER)";
			};
			name = Debug;
		};
		34B8C87F197305DD00E4ADE0 /* Release */ = {
			isa = XCBuildConfiguration;
			buildSettings = {
				BUNDLE_LOADER = "$(BUILT_PRODUCTS_DIR)/FinalShanBay.app/FinalShanBay";
				FRAMEWORK_SEARCH_PATHS = (
					"$(SDKROOT)/Developer/Library/Frameworks",
					"$(inherited)",
				);
				INFOPLIST_FILE = FinalShanBayTests/Info.plist;
				LD_RUNPATH_SEARCH_PATHS = "$(inherited) @executable_path/Frameworks @loader_path/Frameworks";
				METAL_ENABLE_DEBUG_INFO = NO;
				PRODUCT_NAME = "$(TARGET_NAME)";
				TEST_HOST = "$(BUNDLE_LOADER)";
			};
			name = Release;
		};
/* End XCBuildConfiguration section */

/* Begin XCConfigurationList section */
		34B8C859197305DD00E4ADE0 /* Build configuration list for PBXProject "FinalShanBay" */ = {
			isa = XCConfigurationList;
			buildConfigurations = (
				34B8C878197305DD00E4ADE0 /* Debug */,
				34B8C879197305DD00E4ADE0 /* Release */,
			);
			defaultConfigurationIsVisible = 0;
			defaultConfigurationName = Release;
		};
		34B8C87A197305DD00E4ADE0 /* Build configuration list for PBXNativeTarget "FinalShanBay" */ = {
			isa = XCConfigurationList;
			buildConfigurations = (
				34B8C87B197305DD00E4ADE0 /* Debug */,
				34B8C87C197305DD00E4ADE0 /* Release */,
			);
			defaultConfigurationIsVisible = 0;
			defaultConfigurationName = Release;
		};
		34B8C87D197305DD00E4ADE0 /* Build configuration list for PBXNativeTarget "FinalShanBayTests" */ = {
			isa = XCConfigurationList;
			buildConfigurations = (
				34B8C87E197305DD00E4ADE0 /* Debug */,
				34B8C87F197305DD00E4ADE0 /* Release */,
			);
			defaultConfigurationIsVisible = 0;
			defaultConfigurationName = Release;
		};
/* End XCConfigurationList section */
	};
	rootObject = 34B8C856197305DD00E4ADE0 /* Project object */;
}
