// !$*UTF8*$!
{
	archiveVersion = 1;
	classes = {
	};
	objectVersion = 46;
	objects = {

/* Begin PBXBuildFile section */
		34B811AA196E88DA005DD08E /* Foundation.framework in Frameworks */ = {isa = PBXBuildFile; fileRef = 34B811A9196E88DA005DD08E /* Foundation.framework */; };
		34B811AC196E88DA005DD08E /* CoreGraphics.framework in Frameworks */ = {isa = PBXBuildFile; fileRef = 34B811AB196E88DA005DD08E /* CoreGraphics.framework */; };
		34B811AE196E88DA005DD08E /* UIKit.framework in Frameworks */ = {isa = PBXBuildFile; fileRef = 34B811AD196E88DA005DD08E /* UIKit.framework */; };
		34B811B4196E88DA005DD08E /* InfoPlist.strings in Resources */ = {isa = PBXBuildFile; fileRef = 34B811B2196E88DA005DD08E /* InfoPlist.strings */; };
		34B811B6196E88DA005DD08E /* main.m in Sources */ = {isa = PBXBuildFile; fileRef = 34B811B5196E88DA005DD08E /* main.m */; };
		34B811BA196E88DA005DD08E /* AppDelegate.m in Sources */ = {isa = PBXBuildFile; fileRef = 34B811B9196E88DA005DD08E /* AppDelegate.m */; };
		34B811BC196E88DA005DD08E /* Images.xcassets in Resources */ = {isa = PBXBuildFile; fileRef = 34B811BB196E88DA005DD08E /* Images.xcassets */; };
		34B811C3196E88DA005DD08E /* XCTest.framework in Frameworks */ = {isa = PBXBuildFile; fileRef = 34B811C2196E88DA005DD08E /* XCTest.framework */; };
		34B811C4196E88DA005DD08E /* Foundation.framework in Frameworks */ = {isa = PBXBuildFile; fileRef = 34B811A9196E88DA005DD08E /* Foundation.framework */; };
		34B811C5196E88DA005DD08E /* UIKit.framework in Frameworks */ = {isa = PBXBuildFile; fileRef = 34B811AD196E88DA005DD08E /* UIKit.framework */; };
		34B811CD196E88DA005DD08E /* InfoPlist.strings in Resources */ = {isa = PBXBuildFile; fileRef = 34B811CB196E88DA005DD08E /* InfoPlist.strings */; };
		34B811CF196E88DA005DD08E /* tabelViewTests.m in Sources */ = {isa = PBXBuildFile; fileRef = 34B811CE196E88DA005DD08E /* tabelViewTests.m */; };
		34B811DB196E88EF005DD08E /* TempRootViewController.m in Sources */ = {isa = PBXBuildFile; fileRef = 34B811D9196E88EF005DD08E /* TempRootViewController.m */; };
		34B811DC196E88EF005DD08E /* TempRootViewController.xib in Resources */ = {isa = PBXBuildFile; fileRef = 34B811DA196E88EF005DD08E /* TempRootViewController.xib */; };
		34B811E1196E92E7005DD08E /* GroupBean.m in Sources */ = {isa = PBXBuildFile; fileRef = 34B811DE196E92E7005DD08E /* GroupBean.m */; };
		34B811E2196E92E7005DD08E /* ContactBean.m in Sources */ = {isa = PBXBuildFile; fileRef = 34B811E0196E92E7005DD08E /* ContactBean.m */; };
		34B811E6196EC195005DD08E /* ListRowCell.m in Sources */ = {isa = PBXBuildFile; fileRef = 34B811E4196EC195005DD08E /* ListRowCell.m */; settings = {COMPILER_FLAGS = "-fno-objc-arc"; }; };
		34B811E7196EC195005DD08E /* ListRowCell.xib in Resources */ = {isa = PBXBuildFile; fileRef = 34B811E5196EC195005DD08E /* ListRowCell.xib */; };
		34B81253196EC2DF005DD08E /* BubbleView.m in Sources */ = {isa = PBXBuildFile; fileRef = 34B81203196EC2DF005DD08E /* BubbleView.m */; settings = {COMPILER_FLAGS = "-fno-objc-arc"; }; };
		34B81254196EC2DF005DD08E /* LolayGridView.m in Sources */ = {isa = PBXBuildFile; fileRef = 34B81206196EC2DF005DD08E /* LolayGridView.m */; settings = {COMPILER_FLAGS = "-fno-objc-arc"; }; };
		34B81255196EC2DF005DD08E /* LolayGridViewCell.m in Sources */ = {isa = PBXBuildFile; fileRef = 34B81208196EC2DF005DD08E /* LolayGridViewCell.m */; settings = {COMPILER_FLAGS = "-fno-objc-arc"; }; };
		34B81256196EC2DF005DD08E /* RefreshCell.m in Sources */ = {isa = PBXBuildFile; fileRef = 34B8120A196EC2DF005DD08E /* RefreshCell.m */; settings = {COMPILER_FLAGS = "-fno-objc-arc"; }; };
		34B81257196EC2DF005DD08E /* blackArrow.png in Resources */ = {isa = PBXBuildFile; fileRef = 34B8120C196EC2DF005DD08E /* blackArrow.png */; };
		34B81258196EC2DF005DD08E /* blackArrow@2x.png in Resources */ = {isa = PBXBuildFile; fileRef = 34B8120D196EC2DF005DD08E /* blackArrow@2x.png */; };
		34B81259196EC2DF005DD08E /* blueArrow.png in Resources */ = {isa = PBXBuildFile; fileRef = 34B8120E196EC2DF005DD08E /* blueArrow.png */; };
		34B8125A196EC2DF005DD08E /* blueArrow@2x.png in Resources */ = {isa = PBXBuildFile; fileRef = 34B8120F196EC2DF005DD08E /* blueArrow@2x.png */; };
		34B8125B196EC2DF005DD08E /* grayArrow.png in Resources */ = {isa = PBXBuildFile; fileRef = 34B81210196EC2DF005DD08E /* grayArrow.png */; };
		34B8125C196EC2DF005DD08E /* grayArrow@2x.png in Resources */ = {isa = PBXBuildFile; fileRef = 34B81211196EC2DF005DD08E /* grayArrow@2x.png */; };
		34B8125D196EC2DF005DD08E /* refresh_release.wav in Resources */ = {isa = PBXBuildFile; fileRef = 34B81212196EC2DF005DD08E /* refresh_release.wav */; };
		34B8125E196EC2DF005DD08E /* refresh_triggering.wav in Resources */ = {isa = PBXBuildFile; fileRef = 34B81213196EC2DF005DD08E /* refresh_triggering.wav */; };
		34B8125F196EC2DF005DD08E /* small_arrow.png in Resources */ = {isa = PBXBuildFile; fileRef = 34B81214196EC2DF005DD08E /* small_arrow.png */; };
		34B81260196EC2DF005DD08E /* small_arrow@2x.png in Resources */ = {isa = PBXBuildFile; fileRef = 34B81215196EC2DF005DD08E /* small_arrow@2x.png */; };
		34B81261196EC2DF005DD08E /* whiteArrow.png in Resources */ = {isa = PBXBuildFile; fileRef = 34B81216196EC2DF005DD08E /* whiteArrow.png */; };
		34B81262196EC2DF005DD08E /* whiteArrow@2x.png in Resources */ = {isa = PBXBuildFile; fileRef = 34B81217196EC2DF005DD08E /* whiteArrow@2x.png */; };
		34B81264196EC2DF005DD08E /* iflyMSC.framework in Frameworks */ = {isa = PBXBuildFile; fileRef = 34B8121C196EC2DF005DD08E /* iflyMSC.framework */; };
		34B8126B196EC2DF005DD08E /* MBProgressHUD.m in Sources */ = {isa = PBXBuildFile; fileRef = 34B8122D196EC2DF005DD08E /* MBProgressHUD.m */; settings = {COMPILER_FLAGS = "-fno-objc-arc"; }; };
		34B81272196EC2DF005DD08E /* LICENSE in Resources */ = {isa = PBXBuildFile; fileRef = 34B81239196EC2DF005DD08E /* LICENSE */; };
		34B81273196EC2DF005DD08E /* README.md in Resources */ = {isa = PBXBuildFile; fileRef = 34B8123A196EC2DF005DD08E /* README.md */; };
		34B81274196EC2DF005DD08E /* SDImageCache.m in Sources */ = {isa = PBXBuildFile; fileRef = 34B8123C196EC2DF005DD08E /* SDImageCache.m */; settings = {COMPILER_FLAGS = "-fno-objc-arc"; }; };
		34B81275196EC2DF005DD08E /* SDImageView.m in Sources */ = {isa = PBXBuildFile; fileRef = 34B8123F196EC2DF005DD08E /* SDImageView.m */; settings = {COMPILER_FLAGS = "-fno-objc-arc"; }; };
		34B81276196EC2DF005DD08E /* SDWebImageDecoder.m in Sources */ = {isa = PBXBuildFile; fileRef = 34B81242196EC2DF005DD08E /* SDWebImageDecoder.m */; settings = {COMPILER_FLAGS = "-fno-objc-arc"; }; };
		34B81277196EC2DF005DD08E /* SDWebImageDownloader.m in Sources */ = {isa = PBXBuildFile; fileRef = 34B81244196EC2DF005DD08E /* SDWebImageDownloader.m */; settings = {COMPILER_FLAGS = "-fno-objc-arc"; }; };
		34B81278196EC2DF005DD08E /* SDWebImageManager.m in Sources */ = {isa = PBXBuildFile; fileRef = 34B81247196EC2DF005DD08E /* SDWebImageManager.m */; settings = {COMPILER_FLAGS = "-fno-objc-arc"; }; };
		34B81279196EC2DF005DD08E /* SDWebImagePrefetcher.m in Sources */ = {isa = PBXBuildFile; fileRef = 34B8124A196EC2DF005DD08E /* SDWebImagePrefetcher.m */; settings = {COMPILER_FLAGS = "-fno-objc-arc"; }; };
		34B81283196EC441005DD08E /* UIView+Nib.m in Sources */ = {isa = PBXBuildFile; fileRef = 34B8127C196EC440005DD08E /* UIView+Nib.m */; settings = {COMPILER_FLAGS = "-fno-objc-arc"; }; };
		34B81284196EC441005DD08E /* UIColor+Hex.m in Sources */ = {isa = PBXBuildFile; fileRef = 34B8127E196EC440005DD08E /* UIColor+Hex.m */; settings = {COMPILER_FLAGS = "-fno-objc-arc"; }; };
		34B81285196EC441005DD08E /* NSURL+URLEncode.m in Sources */ = {isa = PBXBuildFile; fileRef = 34B81280196EC441005DD08E /* NSURL+URLEncode.m */; settings = {COMPILER_FLAGS = "-fno-objc-arc"; }; };
		34B81286196EC441005DD08E /* NSDictionary+URLParam.m in Sources */ = {isa = PBXBuildFile; fileRef = 34B81282196EC441005DD08E /* NSDictionary+URLParam.m */; settings = {COMPILER_FLAGS = "-fno-objc-arc"; }; };
		34CF8773196F052B000ED555 /* UserInfoViewController.m in Sources */ = {isa = PBXBuildFile; fileRef = 34CF8771196F052B000ED555 /* UserInfoViewController.m */; settings = {COMPILER_FLAGS = "-fno-objc-arc"; }; };
		34CF8774196F052B000ED555 /* UserInfoViewController.xib in Resources */ = {isa = PBXBuildFile; fileRef = 34CF8772196F052B000ED555 /* UserInfoViewController.xib */; };
		34CF8777196F054C000ED555 /* UserInfo.m in Sources */ = {isa = PBXBuildFile; fileRef = 34CF8776196F054C000ED555 /* UserInfo.m */; settings = {COMPILER_FLAGS = "-fno-objc-arc"; }; };
		34CF877A196F06FB000ED555 /* BaseViewController.m in Sources */ = {isa = PBXBuildFile; fileRef = 34CF8779196F06FB000ED555 /* BaseViewController.m */; settings = {COMPILER_FLAGS = "-fno-objc-arc"; }; };
		34CF87CB196F9020000ED555 /* add_user_bt@2x.png in Resources */ = {isa = PBXBuildFile; fileRef = 34CF877D196F9020000ED555 /* add_user_bt@2x.png */; };
		34CF87CC196F9020000ED555 /* add_worklog_share.png in Resources */ = {isa = PBXBuildFile; fileRef = 34CF877E196F9020000ED555 /* add_worklog_share.png */; };
		34CF87CD196F9020000ED555 /* back_bt@2x.png in Resources */ = {isa = PBXBuildFile; fileRef = 34CF877F196F9020000ED555 /* back_bt@2x.png */; };
		34CF87CE196F9020000ED555 /* back_navBar@2x.png in Resources */ = {isa = PBXBuildFile; fileRef = 34CF8780196F9020000ED555 /* back_navBar@2x.png */; };
		34CF87CF196F9020000ED555 /* base_send_normal.png in Resources */ = {isa = PBXBuildFile; fileRef = 34CF8781196F9020000ED555 /* base_send_normal.png */; };
		34CF87D0196F9020000ED555 /* bg_commonBt@2x.png in Resources */ = {isa = PBXBuildFile; fileRef = 34CF8782196F9020000ED555 /* bg_commonBt@2x.png */; };
		34CF87D1196F9020000ED555 /* bg_loginbt.png in Resources */ = {isa = PBXBuildFile; fileRef = 34CF8783196F9020000ED555 /* bg_loginbt.png */; };
		34CF87D2196F9020000ED555 /* bg_loginview@2x.jpg in Resources */ = {isa = PBXBuildFile; fileRef = 34CF8784196F9020000ED555 /* bg_loginview@2x.jpg */; };
		34CF87D3196F9020000ED555 /* bg_main_titleview@2x.png in Resources */ = {isa = PBXBuildFile; fileRef = 34CF8785196F9020000ED555 /* bg_main_titleview@2x.png */; };
		34CF87D4196F9020000ED555 /* bg_navigationBar@2x.png in Resources */ = {isa = PBXBuildFile; fileRef = 34CF8786196F9020000ED555 /* bg_navigationBar@2x.png */; };
		34CF87D5196F9020000ED555 /* bg_search@2x.png in Resources */ = {isa = PBXBuildFile; fileRef = 34CF8787196F9020000ED555 /* bg_search@2x.png */; };
		34CF87D6196F9020000ED555 /* bg_signin.png in Resources */ = {isa = PBXBuildFile; fileRef = 34CF8788196F9020000ED555 /* bg_signin.png */; };
		34CF87D7196F9020000ED555 /* bg_toolbar@2x.png in Resources */ = {isa = PBXBuildFile; fileRef = 34CF8789196F9020000ED555 /* bg_toolbar@2x.png */; };
		34CF87D8196F9020000ED555 /* bg_user_info@2x.png in Resources */ = {isa = PBXBuildFile; fileRef = 34CF878A196F9020000ED555 /* bg_user_info@2x.png */; };
		34CF87D9196F9020000ED555 /* bg_view@2x.jpg in Resources */ = {isa = PBXBuildFile; fileRef = 34CF878B196F9020000ED555 /* bg_view@2x.jpg */; };
		34CF87DA196F9020000ED555 /* btn_home_nor.png in Resources */ = {isa = PBXBuildFile; fileRef = 34CF878C196F9020000ED555 /* btn_home_nor.png */; };
		34CF87DB196F9020000ED555 /* btn_home_sel.png in Resources */ = {isa = PBXBuildFile; fileRef = 34CF878D196F9020000ED555 /* btn_home_sel.png */; };
		34CF87DC196F9020000ED555 /* chat_bubble_recv@2x.png in Resources */ = {isa = PBXBuildFile; fileRef = 34CF878E196F9020000ED555 /* chat_bubble_recv@2x.png */; };
		34CF87DD196F9020000ED555 /* chat_bubble_send@2x.png in Resources */ = {isa = PBXBuildFile; fileRef = 34CF878F196F9020000ED555 /* chat_bubble_send@2x.png */; };
		34CF87DE196F9020000ED555 /* checkbox_off.png in Resources */ = {isa = PBXBuildFile; fileRef = 34CF8790196F9020000ED555 /* checkbox_off.png */; };
		34CF87DF196F9020000ED555 /* checkbox_on.png in Resources */ = {isa = PBXBuildFile; fileRef = 34CF8791196F9020000ED555 /* checkbox_on.png */; };
		34CF87E0196F9020000ED555 /* currentpageDot@2x.png in Resources */ = {isa = PBXBuildFile; fileRef = 34CF8792196F9020000ED555 /* currentpageDot@2x.png */; };
		34CF87E1196F9020000ED555 /* home_tab_contact.png in Resources */ = {isa = PBXBuildFile; fileRef = 34CF8793196F9020000ED555 /* home_tab_contact.png */; };
		34CF87E2196F9020000ED555 /* home_tab_notice.png in Resources */ = {isa = PBXBuildFile; fileRef = 34CF8794196F9020000ED555 /* home_tab_notice.png */; };
		34CF87E3196F9020000ED555 /* home_tab_onework.png in Resources */ = {isa = PBXBuildFile; fileRef = 34CF8795196F9020000ED555 /* home_tab_onework.png */; };
		34CF87E4196F9020000ED555 /* home_tab_today.png in Resources */ = {isa = PBXBuildFile; fileRef = 34CF8796196F9020000ED555 /* home_tab_today.png */; };
		34CF87E5196F9020000ED555 /* home_tab_trend.png in Resources */ = {isa = PBXBuildFile; fileRef = 34CF8797196F9020000ED555 /* home_tab_trend.png */; };
		34CF87E6196F9020000ED555 /* home_tab_worklog.png in Resources */ = {isa = PBXBuildFile; fileRef = 34CF8798196F9020000ED555 /* home_tab_worklog.png */; };
		34CF87E7196F9020000ED555 /* hua_tong@2x.png in Resources */ = {isa = PBXBuildFile; fileRef = 34CF8799196F9020000ED555 /* hua_tong@2x.png */; };
		34CF87E8196F9020000ED555 /* icon_email@2x.png in Resources */ = {isa = PBXBuildFile; fileRef = 34CF879A196F9020000ED555 /* icon_email@2x.png */; };
		34CF87E9196F9020000ED555 /* icon_sms@2x.png in Resources */ = {isa = PBXBuildFile; fileRef = 34CF879B196F9020000ED555 /* icon_sms@2x.png */; };
		34CF87EA196F9020000ED555 /* icon_tel@2x.png in Resources */ = {isa = PBXBuildFile; fileRef = 34CF879C196F9020000ED555 /* icon_tel@2x.png */; };
		34CF87EB196F9020000ED555 /* icon_telphone.png in Resources */ = {isa = PBXBuildFile; fileRef = 34CF879D196F9020000ED555 /* icon_telphone.png */; };
		34CF87EC196F9020000ED555 /* log_play_off.png in Resources */ = {isa = PBXBuildFile; fileRef = 34CF879E196F9020000ED555 /* log_play_off.png */; };
		34CF87ED196F9020000ED555 /* login_code.png in Resources */ = {isa = PBXBuildFile; fileRef = 34CF879F196F9020000ED555 /* login_code.png */; };
		34CF87EE196F9020000ED555 /* login_input_bg.png in Resources */ = {isa = PBXBuildFile; fileRef = 34CF87A0196F9020000ED555 /* login_input_bg.png */; };
		34CF87EF196F9020000ED555 /* login_user.png in Resources */ = {isa = PBXBuildFile; fileRef = 34CF87A1196F9020000ED555 /* login_user.png */; };
		34CF87F0196F9020000ED555 /* logout@2x.png in Resources */ = {isa = PBXBuildFile; fileRef = 34CF87A2196F9020000ED555 /* logout@2x.png */; };
		34CF87F1196F9020000ED555 /* pageDot@2x.png in Resources */ = {isa = PBXBuildFile; fileRef = 34CF87A3196F9020000ED555 /* pageDot@2x.png */; };
		34CF87F2196F9020000ED555 /* ponit.png in Resources */ = {isa = PBXBuildFile; fileRef = 34CF87A4196F9020000ED555 /* ponit.png */; };
		34CF87F3196F9020000ED555 /* row_sepretor_line@2x.png in Resources */ = {isa = PBXBuildFile; fileRef = 34CF87A5196F9020000ED555 /* row_sepretor_line@2x.png */; };
		34CF87F4196F9020000ED555 /* SearchBack@2x.png in Resources */ = {isa = PBXBuildFile; fileRef = 34CF87A6196F9020000ED555 /* SearchBack@2x.png */; };
		34CF87F5196F9020000ED555 /* section_bg_nor@2x.png in Resources */ = {isa = PBXBuildFile; fileRef = 34CF87A7196F9020000ED555 /* section_bg_nor@2x.png */; };
		34CF87F6196F9020000ED555 /* section_bg_sel@2x.png in Resources */ = {isa = PBXBuildFile; fileRef = 34CF87A8196F9020000ED555 /* section_bg_sel@2x.png */; };
		34CF87F7196F9020000ED555 /* section_icon_nor@2x.png in Resources */ = {isa = PBXBuildFile; fileRef = 34CF87A9196F9020000ED555 /* section_icon_nor@2x.png */; };
		34CF87F8196F9020000ED555 /* section_icon_sel@2x.png in Resources */ = {isa = PBXBuildFile; fileRef = 34CF87AA196F9020000ED555 /* section_icon_sel@2x.png */; };
		34CF87F9196F9020000ED555 /* signIn.png in Resources */ = {isa = PBXBuildFile; fileRef = 34CF87AB196F9020000ED555 /* signIn.png */; };
		34CF87FA196F9020000ED555 /* user_icon.png in Resources */ = {isa = PBXBuildFile; fileRef = 34CF87AC196F9020000ED555 /* user_icon.png */; };
		34CF87FB196F9020000ED555 /* user_icon@2x.png in Resources */ = {isa = PBXBuildFile; fileRef = 34CF87AD196F9020000ED555 /* user_icon@2x.png */; };
		34CF87FC196F9020000ED555 /* voice_button_bg@2x.png in Resources */ = {isa = PBXBuildFile; fileRef = 34CF87AE196F9020000ED555 /* voice_button_bg@2x.png */; };
		34CF87FD196F9020000ED555 /* voice_record@2x.png in Resources */ = {isa = PBXBuildFile; fileRef = 34CF87AF196F9020000ED555 /* voice_record@2x.png */; };
		34CF87FE196F9020000ED555 /* voicesearch_btn_norma.png in Resources */ = {isa = PBXBuildFile; fileRef = 34CF87B0196F9020000ED555 /* voicesearch_btn_norma.png */; };
		34CF87FF196F9020000ED555 /* wb_checkbox_0.png in Resources */ = {isa = PBXBuildFile; fileRef = 34CF87B1196F9020000ED555 /* wb_checkbox_0.png */; };
		34CF8800196F9020000ED555 /* wb_checkbox_1.png in Resources */ = {isa = PBXBuildFile; fileRef = 34CF87B2196F9020000ED555 /* wb_checkbox_1.png */; };
		34CF8801196F9020000ED555 /* weather_chancerain_notify.png in Resources */ = {isa = PBXBuildFile; fileRef = 34CF87B4196F9020000ED555 /* weather_chancerain_notify.png */; };
		34CF8802196F9020000ED555 /* weather_chancesnow_notify.png in Resources */ = {isa = PBXBuildFile; fileRef = 34CF87B5196F9020000ED555 /* weather_chancesnow_notify.png */; };
		34CF8803196F9020000ED555 /* weather_chancestorm.png in Resources */ = {isa = PBXBuildFile; fileRef = 34CF87B6196F9020000ED555 /* weather_chancestorm.png */; };
		34CF8804196F9020000ED555 /* weather_chancestorm_notify.png in Resources */ = {isa = PBXBuildFile; fileRef = 34CF87B7196F9020000ED555 /* weather_chancestorm_notify.png */; };
		34CF8805196F9020000ED555 /* weather_dust.png in Resources */ = {isa = PBXBuildFile; fileRef = 34CF87B8196F9020000ED555 /* weather_dust.png */; };
		34CF8806196F9020000ED555 /* weather_dust_notify.png in Resources */ = {isa = PBXBuildFile; fileRef = 34CF87B9196F9020000ED555 /* weather_dust_notify.png */; };
		34CF8807196F9020000ED555 /* weather_fog.png in Resources */ = {isa = PBXBuildFile; fileRef = 34CF87BA196F9020000ED555 /* weather_fog.png */; };
		34CF8808196F9020000ED555 /* weather_fog_notify.png in Resources */ = {isa = PBXBuildFile; fileRef = 34CF87BB196F9020000ED555 /* weather_fog_notify.png */; };
		34CF8809196F9020000ED555 /* weather_icyrain_notify.png in Resources */ = {isa = PBXBuildFile; fileRef = 34CF87BC196F9020000ED555 /* weather_icyrain_notify.png */; };
		34CF880A196F9020000ED555 /* weather_lightrain_notify.png in Resources */ = {isa = PBXBuildFile; fileRef = 34CF87BD196F9020000ED555 /* weather_lightrain_notify.png */; };
		34CF880B196F9020000ED555 /* weather_mostlycloudy.png in Resources */ = {isa = PBXBuildFile; fileRef = 34CF87BE196F9020000ED555 /* weather_mostlycloudy.png */; };
		34CF880C196F9020000ED555 /* weather_mostlycloudy_notify.png in Resources */ = {isa = PBXBuildFile; fileRef = 34CF87BF196F9020000ED555 /* weather_mostlycloudy_notify.png */; };
		34CF880D196F9020000ED555 /* weather_rain.png in Resources */ = {isa = PBXBuildFile; fileRef = 34CF87C0196F9020000ED555 /* weather_rain.png */; };
		34CF880E196F9020000ED555 /* weather_rain_notify.png in Resources */ = {isa = PBXBuildFile; fileRef = 34CF87C1196F9020000ED555 /* weather_rain_notify.png */; };
		34CF880F196F9020000ED555 /* weather_snow.png in Resources */ = {isa = PBXBuildFile; fileRef = 34CF87C2196F9020000ED555 /* weather_snow.png */; };
		34CF8810196F9020000ED555 /* weather_snow_notify.png in Resources */ = {isa = PBXBuildFile; fileRef = 34CF87C3196F9020000ED555 /* weather_snow_notify.png */; };
		34CF8811196F9020000ED555 /* weather_storm.png in Resources */ = {isa = PBXBuildFile; fileRef = 34CF87C4196F9020000ED555 /* weather_storm.png */; };
		34CF8812196F9020000ED555 /* weather_storm_notify.png in Resources */ = {isa = PBXBuildFile; fileRef = 34CF87C5196F9020000ED555 /* weather_storm_notify.png */; };
		34CF8813196F9020000ED555 /* weather_sunny.png in Resources */ = {isa = PBXBuildFile; fileRef = 34CF87C6196F9020000ED555 /* weather_sunny.png */; };
		34CF8814196F9020000ED555 /* weather_sunny_notify.png in Resources */ = {isa = PBXBuildFile; fileRef = 34CF87C7196F9020000ED555 /* weather_sunny_notify.png */; };
		34CF8815196F9020000ED555 /* worklog_tab1.png in Resources */ = {isa = PBXBuildFile; fileRef = 34CF87C8196F9020000ED555 /* worklog_tab1.png */; };
		34CF8816196F9020000ED555 /* worklog_tab2.png in Resources */ = {isa = PBXBuildFile; fileRef = 34CF87C9196F9020000ED555 /* worklog_tab2.png */; };
		34CF8817196F9020000ED555 /* worklog_tab3.png in Resources */ = {isa = PBXBuildFile; fileRef = 34CF87CA196F9020000ED555 /* worklog_tab3.png */; };
/* End PBXBuildFile section */

/* Begin PBXContainerItemProxy section */
		34B811C6196E88DA005DD08E /* PBXContainerItemProxy */ = {
			isa = PBXContainerItemProxy;
			containerPortal = 34B8119E196E88DA005DD08E /* Project object */;
			proxyType = 1;
			remoteGlobalIDString = 34B811A5196E88DA005DD08E;
			remoteInfo = tabelView;
		};
/* End PBXContainerItemProxy section */

/* Begin PBXFileReference section */
		34663362196EF2EC0088959F /* PXISARC.h */ = {isa = PBXFileReference; fileEncoding = 4; lastKnownFileType = sourcecode.c.h; path = PXISARC.h; sourceTree = "<group>"; };
		34B811A6196E88DA005DD08E /* tabelView.app */ = {isa = PBXFileReference; explicitFileType = wrapper.application; includeInIndex = 0; path = tabelView.app; sourceTree = BUILT_PRODUCTS_DIR; };
		34B811A9196E88DA005DD08E /* Foundation.framework */ = {isa = PBXFileReference; lastKnownFileType = wrapper.framework; name = Foundation.framework; path = System/Library/Frameworks/Foundation.framework; sourceTree = SDKROOT; };
		34B811AB196E88DA005DD08E /* CoreGraphics.framework */ = {isa = PBXFileReference; lastKnownFileType = wrapper.framework; name = CoreGraphics.framework; path = System/Library/Frameworks/CoreGraphics.framework; sourceTree = SDKROOT; };
		34B811AD196E88DA005DD08E /* UIKit.framework */ = {isa = PBXFileReference; lastKnownFileType = wrapper.framework; name = UIKit.framework; path = System/Library/Frameworks/UIKit.framework; sourceTree = SDKROOT; };
		34B811B1196E88DA005DD08E /* tabelView-Info.plist */ = {isa = PBXFileReference; lastKnownFileType = text.plist.xml; path = "tabelView-Info.plist"; sourceTree = "<group>"; };
		34B811B3196E88DA005DD08E /* en */ = {isa = PBXFileReference; lastKnownFileType = text.plist.strings; name = en; path = en.lproj/InfoPlist.strings; sourceTree = "<group>"; };
		34B811B5196E88DA005DD08E /* main.m */ = {isa = PBXFileReference; lastKnownFileType = sourcecode.c.objc; path = main.m; sourceTree = "<group>"; };
		34B811B7196E88DA005DD08E /* tabelView-Prefix.pch */ = {isa = PBXFileReference; lastKnownFileType = sourcecode.c.h; path = "tabelView-Prefix.pch"; sourceTree = "<group>"; };
		34B811B8196E88DA005DD08E /* AppDelegate.h */ = {isa = PBXFileReference; lastKnownFileType = sourcecode.c.h; path = AppDelegate.h; sourceTree = "<group>"; };
		34B811B9196E88DA005DD08E /* AppDelegate.m */ = {isa = PBXFileReference; lastKnownFileType = sourcecode.c.objc; path = AppDelegate.m; sourceTree = "<group>"; };
		34B811BB196E88DA005DD08E /* Images.xcassets */ = {isa = PBXFileReference; lastKnownFileType = folder.assetcatalog; path = Images.xcassets; sourceTree = "<group>"; };
		34B811C1196E88DA005DD08E /* tabelViewTests.xctest */ = {isa = PBXFileReference; explicitFileType = wrapper.cfbundle; includeInIndex = 0; path = tabelViewTests.xctest; sourceTree = BUILT_PRODUCTS_DIR; };
		34B811C2196E88DA005DD08E /* XCTest.framework */ = {isa = PBXFileReference; lastKnownFileType = wrapper.framework; name = XCTest.framework; path = Library/Frameworks/XCTest.framework; sourceTree = DEVELOPER_DIR; };
		34B811CA196E88DA005DD08E /* tabelViewTests-Info.plist */ = {isa = PBXFileReference; lastKnownFileType = text.plist.xml; path = "tabelViewTests-Info.plist"; sourceTree = "<group>"; };
		34B811CC196E88DA005DD08E /* en */ = {isa = PBXFileReference; lastKnownFileType = text.plist.strings; name = en; path = en.lproj/InfoPlist.strings; sourceTree = "<group>"; };
		34B811CE196E88DA005DD08E /* tabelViewTests.m */ = {isa = PBXFileReference; lastKnownFileType = sourcecode.c.objc; path = tabelViewTests.m; sourceTree = "<group>"; };
		34B811D8196E88EF005DD08E /* TempRootViewController.h */ = {isa = PBXFileReference; fileEncoding = 4; lastKnownFileType = sourcecode.c.h; path = TempRootViewController.h; sourceTree = "<group>"; };
		34B811D9196E88EF005DD08E /* TempRootViewController.m */ = {isa = PBXFileReference; fileEncoding = 4; lastKnownFileType = sourcecode.c.objc; path = TempRootViewController.m; sourceTree = "<group>"; };
		34B811DA196E88EF005DD08E /* TempRootViewController.xib */ = {isa = PBXFileReference; fileEncoding = 4; lastKnownFileType = file.xib; path = TempRootViewController.xib; sourceTree = "<group>"; };
		34B811DD196E92E7005DD08E /* GroupBean.h */ = {isa = PBXFileReference; fileEncoding = 4; lastKnownFileType = sourcecode.c.h; path = GroupBean.h; sourceTree = "<group>"; };
		34B811DE196E92E7005DD08E /* GroupBean.m */ = {isa = PBXFileReference; fileEncoding = 4; lastKnownFileType = sourcecode.c.objc; path = GroupBean.m; sourceTree = "<group>"; };
		34B811DF196E92E7005DD08E /* ContactBean.h */ = {isa = PBXFileReference; fileEncoding = 4; lastKnownFileType = sourcecode.c.h; path = ContactBean.h; sourceTree = "<group>"; };
		34B811E0196E92E7005DD08E /* ContactBean.m */ = {isa = PBXFileReference; fileEncoding = 4; lastKnownFileType = sourcecode.c.objc; path = ContactBean.m; sourceTree = "<group>"; };
		34B811E3196EC195005DD08E /* ListRowCell.h */ = {isa = PBXFileReference; fileEncoding = 4; lastKnownFileType = sourcecode.c.h; path = ListRowCell.h; sourceTree = "<group>"; };
		34B811E4196EC195005DD08E /* ListRowCell.m */ = {isa = PBXFileReference; fileEncoding = 4; lastKnownFileType = sourcecode.c.objc; path = ListRowCell.m; sourceTree = "<group>"; };
		34B811E5196EC195005DD08E /* ListRowCell.xib */ = {isa = PBXFileReference; fileEncoding = 4; lastKnownFileType = file.xib; path = ListRowCell.xib; sourceTree = "<group>"; };
		34B81202196EC2DF005DD08E /* BubbleView.h */ = {isa = PBXFileReference; fileEncoding = 4; lastKnownFileType = sourcecode.c.h; path = BubbleView.h; sourceTree = "<group>"; };
		34B81203196EC2DF005DD08E /* BubbleView.m */ = {isa = PBXFileReference; fileEncoding = 4; lastKnownFileType = sourcecode.c.objc; path = BubbleView.m; sourceTree = "<group>"; };
		34B81205196EC2DF005DD08E /* LolayGridView.h */ = {isa = PBXFileReference; fileEncoding = 4; lastKnownFileType = sourcecode.c.h; path = LolayGridView.h; sourceTree = "<group>"; };
		34B81206196EC2DF005DD08E /* LolayGridView.m */ = {isa = PBXFileReference; fileEncoding = 4; lastKnownFileType = sourcecode.c.objc; path = LolayGridView.m; sourceTree = "<group>"; };
		34B81207196EC2DF005DD08E /* LolayGridViewCell.h */ = {isa = PBXFileReference; fileEncoding = 4; lastKnownFileType = sourcecode.c.h; path = LolayGridViewCell.h; sourceTree = "<group>"; };
		34B81208196EC2DF005DD08E /* LolayGridViewCell.m */ = {isa = PBXFileReference; fileEncoding = 4; lastKnownFileType = sourcecode.c.objc; path = LolayGridViewCell.m; sourceTree = "<group>"; };
		34B81209196EC2DF005DD08E /* RefreshCell.h */ = {isa = PBXFileReference; fileEncoding = 4; lastKnownFileType = sourcecode.c.h; path = RefreshCell.h; sourceTree = "<group>"; };
		34B8120A196EC2DF005DD08E /* RefreshCell.m */ = {isa = PBXFileReference; fileEncoding = 4; lastKnownFileType = sourcecode.c.objc; path = RefreshCell.m; sourceTree = "<group>"; };
		34B8120C196EC2DF005DD08E /* blackArrow.png */ = {isa = PBXFileReference; lastKnownFileType = image.png; path = blackArrow.png; sourceTree = "<group>"; };
		34B8120D196EC2DF005DD08E /* blackArrow@2x.png */ = {isa = PBXFileReference; lastKnownFileType = image.png; path = "blackArrow@2x.png"; sourceTree = "<group>"; };
		34B8120E196EC2DF005DD08E /* blueArrow.png */ = {isa = PBXFileReference; lastKnownFileType = image.png; path = blueArrow.png; sourceTree = "<group>"; };
		34B8120F196EC2DF005DD08E /* blueArrow@2x.png */ = {isa = PBXFileReference; lastKnownFileType = image.png; path = "blueArrow@2x.png"; sourceTree = "<group>"; };
		34B81210196EC2DF005DD08E /* grayArrow.png */ = {isa = PBXFileReference; lastKnownFileType = image.png; path = grayArrow.png; sourceTree = "<group>"; };
		34B81211196EC2DF005DD08E /* grayArrow@2x.png */ = {isa = PBXFileReference; lastKnownFileType = image.png; path = "grayArrow@2x.png"; sourceTree = "<group>"; };
		34B81212196EC2DF005DD08E /* refresh_release.wav */ = {isa = PBXFileReference; lastKnownFileType = audio.wav; path = refresh_release.wav; sourceTree = "<group>"; };
		34B81213196EC2DF005DD08E /* refresh_triggering.wav */ = {isa = PBXFileReference; lastKnownFileType = audio.wav; path = refresh_triggering.wav; sourceTree = "<group>"; };
		34B81214196EC2DF005DD08E /* small_arrow.png */ = {isa = PBXFileReference; lastKnownFileType = image.png; path = small_arrow.png; sourceTree = "<group>"; };
		34B81215196EC2DF005DD08E /* small_arrow@2x.png */ = {isa = PBXFileReference; lastKnownFileType = image.png; path = "small_arrow@2x.png"; sourceTree = "<group>"; };
		34B81216196EC2DF005DD08E /* whiteArrow.png */ = {isa = PBXFileReference; lastKnownFileType = image.png; path = whiteArrow.png; sourceTree = "<group>"; };
		34B81217196EC2DF005DD08E /* whiteArrow@2x.png */ = {isa = PBXFileReference; lastKnownFileType = image.png; path = "whiteArrow@2x.png"; sourceTree = "<group>"; };
		34B8121C196EC2DF005DD08E /* iflyMSC.framework */ = {isa = PBXFileReference; lastKnownFileType = wrapper.framework; path = iflyMSC.framework; sourceTree = "<group>"; };
		34B8122C196EC2DF005DD08E /* MBProgressHUD.h */ = {isa = PBXFileReference; fileEncoding = 4; lastKnownFileType = sourcecode.c.h; path = MBProgressHUD.h; sourceTree = "<group>"; };
		34B8122D196EC2DF005DD08E /* MBProgressHUD.m */ = {isa = PBXFileReference; fileEncoding = 4; lastKnownFileType = sourcecode.c.objc; path = MBProgressHUD.m; sourceTree = "<group>"; };
		34B81239196EC2DF005DD08E /* LICENSE */ = {isa = PBXFileReference; fileEncoding = 4; lastKnownFileType = text; path = LICENSE; sourceTree = "<group>"; };
		34B8123A196EC2DF005DD08E /* README.md */ = {isa = PBXFileReference; fileEncoding = 4; lastKnownFileType = text; path = README.md; sourceTree = "<group>"; };
		34B8123B196EC2DF005DD08E /* SDImageCache.h */ = {isa = PBXFileReference; fileEncoding = 4; lastKnownFileType = sourcecode.c.h; path = SDImageCache.h; sourceTree = "<group>"; };
		34B8123C196EC2DF005DD08E /* SDImageCache.m */ = {isa = PBXFileReference; fileEncoding = 4; lastKnownFileType = sourcecode.c.objc; path = SDImageCache.m; sourceTree = "<group>"; };
		34B8123D196EC2DF005DD08E /* SDImageCacheDelegate.h */ = {isa = PBXFileReference; fileEncoding = 4; lastKnownFileType = sourcecode.c.h; path = SDImageCacheDelegate.h; sourceTree = "<group>"; };
		34B8123E196EC2DF005DD08E /* SDImageView.h */ = {isa = PBXFileReference; fileEncoding = 4; lastKnownFileType = sourcecode.c.h; path = SDImageView.h; sourceTree = "<group>"; };
		34B8123F196EC2DF005DD08E /* SDImageView.m */ = {isa = PBXFileReference; fileEncoding = 4; lastKnownFileType = sourcecode.c.objc; path = SDImageView.m; sourceTree = "<group>"; };
		34B81240196EC2DF005DD08E /* SDWebImageCompat.h */ = {isa = PBXFileReference; fileEncoding = 4; lastKnownFileType = sourcecode.c.h; path = SDWebImageCompat.h; sourceTree = "<group>"; };
		34B81241196EC2DF005DD08E /* SDWebImageDecoder.h */ = {isa = PBXFileReference; fileEncoding = 4; lastKnownFileType = sourcecode.c.h; path = SDWebImageDecoder.h; sourceTree = "<group>"; };
		34B81242196EC2DF005DD08E /* SDWebImageDecoder.m */ = {isa = PBXFileReference; fileEncoding = 4; lastKnownFileType = sourcecode.c.objc; path = SDWebImageDecoder.m; sourceTree = "<group>"; };
		34B81243196EC2DF005DD08E /* SDWebImageDownloader.h */ = {isa = PBXFileReference; fileEncoding = 4; lastKnownFileType = sourcecode.c.h; path = SDWebImageDownloader.h; sourceTree = "<group>"; };
		34B81244196EC2DF005DD08E /* SDWebImageDownloader.m */ = {isa = PBXFileReference; fileEncoding = 4; lastKnownFileType = sourcecode.c.objc; path = SDWebImageDownloader.m; sourceTree = "<group>"; };
		34B81245196EC2DF005DD08E /* SDWebImageDownloaderDelegate.h */ = {isa = PBXFileReference; fileEncoding = 4; lastKnownFileType = sourcecode.c.h; path = SDWebImageDownloaderDelegate.h; sourceTree = "<group>"; };
		34B81246196EC2DF005DD08E /* SDWebImageManager.h */ = {isa = PBXFileReference; fileEncoding = 4; lastKnownFileType = sourcecode.c.h; path = SDWebImageManager.h; sourceTree = "<group>"; };
		34B81247196EC2DF005DD08E /* SDWebImageManager.m */ = {isa = PBXFileReference; fileEncoding = 4; lastKnownFileType = sourcecode.c.objc; path = SDWebImageManager.m; sourceTree = "<group>"; };
		34B81248196EC2DF005DD08E /* SDWebImageManagerDelegate.h */ = {isa = PBXFileReference; fileEncoding = 4; lastKnownFileType = sourcecode.c.h; path = SDWebImageManagerDelegate.h; sourceTree = "<group>"; };
		34B81249196EC2DF005DD08E /* SDWebImagePrefetcher.h */ = {isa = PBXFileReference; fileEncoding = 4; lastKnownFileType = sourcecode.c.h; path = SDWebImagePrefetcher.h; sourceTree = "<group>"; };
		34B8124A196EC2DF005DD08E /* SDWebImagePrefetcher.m */ = {isa = PBXFileReference; fileEncoding = 4; lastKnownFileType = sourcecode.c.objc; path = SDWebImagePrefetcher.m; sourceTree = "<group>"; };
		34B8127B196EC440005DD08E /* UIView+Nib.h */ = {isa = PBXFileReference; fileEncoding = 4; lastKnownFileType = sourcecode.c.h; path = "UIView+Nib.h"; sourceTree = "<group>"; };
		34B8127C196EC440005DD08E /* UIView+Nib.m */ = {isa = PBXFileReference; fileEncoding = 4; lastKnownFileType = sourcecode.c.objc; path = "UIView+Nib.m"; sourceTree = "<group>"; };
		34B8127D196EC440005DD08E /* UIColor+Hex.h */ = {isa = PBXFileReference; fileEncoding = 4; lastKnownFileType = sourcecode.c.h; path = "UIColor+Hex.h"; sourceTree = "<group>"; };
		34B8127E196EC440005DD08E /* UIColor+Hex.m */ = {isa = PBXFileReference; fileEncoding = 4; lastKnownFileType = sourcecode.c.objc; path = "UIColor+Hex.m"; sourceTree = "<group>"; };
		34B8127F196EC441005DD08E /* NSURL+URLEncode.h */ = {isa = PBXFileReference; fileEncoding = 4; lastKnownFileType = sourcecode.c.h; path = "NSURL+URLEncode.h"; sourceTree = "<group>"; };
		34B81280196EC441005DD08E /* NSURL+URLEncode.m */ = {isa = PBXFileReference; fileEncoding = 4; lastKnownFileType = sourcecode.c.objc; path = "NSURL+URLEncode.m"; sourceTree = "<group>"; };
		34B81281196EC441005DD08E /* NSDictionary+URLParam.h */ = {isa = PBXFileReference; fileEncoding = 4; lastKnownFileType = sourcecode.c.h; path = "NSDictionary+URLParam.h"; sourceTree = "<group>"; };
		34B81282196EC441005DD08E /* NSDictionary+URLParam.m */ = {isa = PBXFileReference; fileEncoding = 4; lastKnownFileType = sourcecode.c.objc; path = "NSDictionary+URLParam.m"; sourceTree = "<group>"; };
		34CF8770196F052B000ED555 /* UserInfoViewController.h */ = {isa = PBXFileReference; fileEncoding = 4; lastKnownFileType = sourcecode.c.h; path = UserInfoViewController.h; sourceTree = "<group>"; };
		34CF8771196F052B000ED555 /* UserInfoViewController.m */ = {isa = PBXFileReference; fileEncoding = 4; lastKnownFileType = sourcecode.c.objc; path = UserInfoViewController.m; sourceTree = "<group>"; };
		34CF8772196F052B000ED555 /* UserInfoViewController.xib */ = {isa = PBXFileReference; fileEncoding = 4; lastKnownFileType = file.xib; path = UserInfoViewController.xib; sourceTree = "<group>"; };
		34CF8775196F054C000ED555 /* UserInfo.h */ = {isa = PBXFileReference; fileEncoding = 4; lastKnownFileType = sourcecode.c.h; path = UserInfo.h; sourceTree = "<group>"; };
		34CF8776196F054C000ED555 /* UserInfo.m */ = {isa = PBXFileReference; fileEncoding = 4; lastKnownFileType = sourcecode.c.objc; path = UserInfo.m; sourceTree = "<group>"; };
		34CF8778196F06FB000ED555 /* BaseViewController.h */ = {isa = PBXFileReference; fileEncoding = 4; lastKnownFileType = sourcecode.c.h; path = BaseViewController.h; sourceTree = "<group>"; };
		34CF8779196F06FB000ED555 /* BaseViewController.m */ = {isa = PBXFileReference; fileEncoding = 4; lastKnownFileType = sourcecode.c.objc; path = BaseViewController.m; sourceTree = "<group>"; };
		34CF877D196F9020000ED555 /* add_user_bt@2x.png */ = {isa = PBXFileReference; lastKnownFileType = image.png; path = "add_user_bt@2x.png"; sourceTree = "<group>"; };
		34CF877E196F9020000ED555 /* add_worklog_share.png */ = {isa = PBXFileReference; lastKnownFileType = image.png; path = add_worklog_share.png; sourceTree = "<group>"; };
		34CF877F196F9020000ED555 /* back_bt@2x.png */ = {isa = PBXFileReference; lastKnownFileType = image.png; path = "back_bt@2x.png"; sourceTree = "<group>"; };
		34CF8780196F9020000ED555 /* back_navBar@2x.png */ = {isa = PBXFileReference; lastKnownFileType = image.png; path = "back_navBar@2x.png"; sourceTree = "<group>"; };
		34CF8781196F9020000ED555 /* base_send_normal.png */ = {isa = PBXFileReference; lastKnownFileType = image.png; path = base_send_normal.png; sourceTree = "<group>"; };
		34CF8782196F9020000ED555 /* bg_commonBt@2x.png */ = {isa = PBXFileReference; lastKnownFileType = image.png; path = "bg_commonBt@2x.png"; sourceTree = "<group>"; };
		34CF8783196F9020000ED555 /* bg_loginbt.png */ = {isa = PBXFileReference; lastKnownFileType = image.png; path = bg_loginbt.png; sourceTree = "<group>"; };
		34CF8784196F9020000ED555 /* bg_loginview@2x.jpg */ = {isa = PBXFileReference; lastKnownFileType = image.jpeg; path = "bg_loginview@2x.jpg"; sourceTree = "<group>"; };
		34CF8785196F9020000ED555 /* bg_main_titleview@2x.png */ = {isa = PBXFileReference; lastKnownFileType = image.png; path = "bg_main_titleview@2x.png"; sourceTree = "<group>"; };
		34CF8786196F9020000ED555 /* bg_navigationBar@2x.png */ = {isa = PBXFileReference; lastKnownFileType = image.png; path = "bg_navigationBar@2x.png"; sourceTree = "<group>"; };
		34CF8787196F9020000ED555 /* bg_search@2x.png */ = {isa = PBXFileReference; lastKnownFileType = image.png; path = "bg_search@2x.png"; sourceTree = "<group>"; };
		34CF8788196F9020000ED555 /* bg_signin.png */ = {isa = PBXFileReference; lastKnownFileType = image.png; path = bg_signin.png; sourceTree = "<group>"; };
		34CF8789196F9020000ED555 /* bg_toolbar@2x.png */ = {isa = PBXFileReference; lastKnownFileType = image.png; path = "bg_toolbar@2x.png"; sourceTree = "<group>"; };
		34CF878A196F9020000ED555 /* bg_user_info@2x.png */ = {isa = PBXFileReference; lastKnownFileType = image.png; path = "bg_user_info@2x.png"; sourceTree = "<group>"; };
		34CF878B196F9020000ED555 /* bg_view@2x.jpg */ = {isa = PBXFileReference; lastKnownFileType = image.jpeg; path = "bg_view@2x.jpg"; sourceTree = "<group>"; };
		34CF878C196F9020000ED555 /* btn_home_nor.png */ = {isa = PBXFileReference; lastKnownFileType = image.png; path = btn_home_nor.png; sourceTree = "<group>"; };
		34CF878D196F9020000ED555 /* btn_home_sel.png */ = {isa = PBXFileReference; lastKnownFileType = image.png; path = btn_home_sel.png; sourceTree = "<group>"; };
		34CF878E196F9020000ED555 /* chat_bubble_recv@2x.png */ = {isa = PBXFileReference; lastKnownFileType = image.png; path = "chat_bubble_recv@2x.png"; sourceTree = "<group>"; };
		34CF878F196F9020000ED555 /* chat_bubble_send@2x.png */ = {isa = PBXFileReference; lastKnownFileType = image.png; path = "chat_bubble_send@2x.png"; sourceTree = "<group>"; };
		34CF8790196F9020000ED555 /* checkbox_off.png */ = {isa = PBXFileReference; lastKnownFileType = image.png; path = checkbox_off.png; sourceTree = "<group>"; };
		34CF8791196F9020000ED555 /* checkbox_on.png */ = {isa = PBXFileReference; lastKnownFileType = image.png; path = checkbox_on.png; sourceTree = "<group>"; };
		34CF8792196F9020000ED555 /* currentpageDot@2x.png */ = {isa = PBXFileReference; lastKnownFileType = image.png; path = "currentpageDot@2x.png"; sourceTree = "<group>"; };
		34CF8793196F9020000ED555 /* home_tab_contact.png */ = {isa = PBXFileReference; lastKnownFileType = image.png; path = home_tab_contact.png; sourceTree = "<group>"; };
		34CF8794196F9020000ED555 /* home_tab_notice.png */ = {isa = PBXFileReference; lastKnownFileType = image.png; path = home_tab_notice.png; sourceTree = "<group>"; };
		34CF8795196F9020000ED555 /* home_tab_onework.png */ = {isa = PBXFileReference; lastKnownFileType = image.png; path = home_tab_onework.png; sourceTree = "<group>"; };
		34CF8796196F9020000ED555 /* home_tab_today.png */ = {isa = PBXFileReference; lastKnownFileType = image.png; path = home_tab_today.png; sourceTree = "<group>"; };
		34CF8797196F9020000ED555 /* home_tab_trend.png */ = {isa = PBXFileReference; lastKnownFileType = image.png; path = home_tab_trend.png; sourceTree = "<group>"; };
		34CF8798196F9020000ED555 /* home_tab_worklog.png */ = {isa = PBXFileReference; lastKnownFileType = image.png; path = home_tab_worklog.png; sourceTree = "<group>"; };
		34CF8799196F9020000ED555 /* hua_tong@2x.png */ = {isa = PBXFileReference; lastKnownFileType = image.png; path = "hua_tong@2x.png"; sourceTree = "<group>"; };
		34CF879A196F9020000ED555 /* icon_email@2x.png */ = {isa = PBXFileReference; lastKnownFileType = image.png; path = "icon_email@2x.png"; sourceTree = "<group>"; };
		34CF879B196F9020000ED555 /* icon_sms@2x.png */ = {isa = PBXFileReference; lastKnownFileType = image.png; path = "icon_sms@2x.png"; sourceTree = "<group>"; };
		34CF879C196F9020000ED555 /* icon_tel@2x.png */ = {isa = PBXFileReference; lastKnownFileType = image.png; path = "icon_tel@2x.png"; sourceTree = "<group>"; };
		34CF879D196F9020000ED555 /* icon_telphone.png */ = {isa = PBXFileReference; lastKnownFileType = image.png; path = icon_telphone.png; sourceTree = "<group>"; };
		34CF879E196F9020000ED555 /* log_play_off.png */ = {isa = PBXFileReference; lastKnownFileType = image.png; path = log_play_off.png; sourceTree = "<group>"; };
		34CF879F196F9020000ED555 /* login_code.png */ = {isa = PBXFileReference; lastKnownFileType = image.png; path = login_code.png; sourceTree = "<group>"; };
		34CF87A0196F9020000ED555 /* login_input_bg.png */ = {isa = PBXFileReference; lastKnownFileType = image.png; path = login_input_bg.png; sourceTree = "<group>"; };
		34CF87A1196F9020000ED555 /* login_user.png */ = {isa = PBXFileReference; lastKnownFileType = image.png; path = login_user.png; sourceTree = "<group>"; };
		34CF87A2196F9020000ED555 /* logout@2x.png */ = {isa = PBXFileReference; lastKnownFileType = image.png; path = "logout@2x.png"; sourceTree = "<group>"; };
		34CF87A3196F9020000ED555 /* pageDot@2x.png */ = {isa = PBXFileReference; lastKnownFileType = image.png; path = "pageDot@2x.png"; sourceTree = "<group>"; };
		34CF87A4196F9020000ED555 /* ponit.png */ = {isa = PBXFileReference; lastKnownFileType = image.png; path = ponit.png; sourceTree = "<group>"; };
		34CF87A5196F9020000ED555 /* row_sepretor_line@2x.png */ = {isa = PBXFileReference; lastKnownFileType = image.png; path = "row_sepretor_line@2x.png"; sourceTree = "<group>"; };
		34CF87A6196F9020000ED555 /* SearchBack@2x.png */ = {isa = PBXFileReference; lastKnownFileType = image.png; path = "SearchBack@2x.png"; sourceTree = "<group>"; };
		34CF87A7196F9020000ED555 /* section_bg_nor@2x.png */ = {isa = PBXFileReference; lastKnownFileType = image.png; path = "section_bg_nor@2x.png"; sourceTree = "<group>"; };
		34CF87A8196F9020000ED555 /* section_bg_sel@2x.png */ = {isa = PBXFileReference; lastKnownFileType = image.png; path = "section_bg_sel@2x.png"; sourceTree = "<group>"; };
		34CF87A9196F9020000ED555 /* section_icon_nor@2x.png */ = {isa = PBXFileReference; lastKnownFileType = image.png; path = "section_icon_nor@2x.png"; sourceTree = "<group>"; };
		34CF87AA196F9020000ED555 /* section_icon_sel@2x.png */ = {isa = PBXFileReference; lastKnownFileType = image.png; path = "section_icon_sel@2x.png"; sourceTree = "<group>"; };
		34CF87AB196F9020000ED555 /* signIn.png */ = {isa = PBXFileReference; lastKnownFileType = image.png; path = signIn.png; sourceTree = "<group>"; };
		34CF87AC196F9020000ED555 /* user_icon.png */ = {isa = PBXFileReference; lastKnownFileType = image.png; path = user_icon.png; sourceTree = "<group>"; };
		34CF87AD196F9020000ED555 /* user_icon@2x.png */ = {isa = PBXFileReference; lastKnownFileType = image.png; path = "user_icon@2x.png"; sourceTree = "<group>"; };
		34CF87AE196F9020000ED555 /* voice_button_bg@2x.png */ = {isa = PBXFileReference; lastKnownFileType = image.png; path = "voice_button_bg@2x.png"; sourceTree = "<group>"; };
		34CF87AF196F9020000ED555 /* voice_record@2x.png */ = {isa = PBXFileReference; lastKnownFileType = image.png; path = "voice_record@2x.png"; sourceTree = "<group>"; };
		34CF87B0196F9020000ED555 /* voicesearch_btn_norma.png */ = {isa = PBXFileReference; lastKnownFileType = image.png; path = voicesearch_btn_norma.png; sourceTree = "<group>"; };
		34CF87B1196F9020000ED555 /* wb_checkbox_0.png */ = {isa = PBXFileReference; lastKnownFileType = image.png; path = wb_checkbox_0.png; sourceTree = "<group>"; };
		34CF87B2196F9020000ED555 /* wb_checkbox_1.png */ = {isa = PBXFileReference; lastKnownFileType = image.png; path = wb_checkbox_1.png; sourceTree = "<group>"; };
		34CF87B4196F9020000ED555 /* weather_chancerain_notify.png */ = {isa = PBXFileReference; lastKnownFileType = image.png; path = weather_chancerain_notify.png; sourceTree = "<group>"; };
		34CF87B5196F9020000ED555 /* weather_chancesnow_notify.png */ = {isa = PBXFileReference; lastKnownFileType = image.png; path = weather_chancesnow_notify.png; sourceTree = "<group>"; };
		34CF87B6196F9020000ED555 /* weather_chancestorm.png */ = {isa = PBXFileReference; lastKnownFileType = image.png; path = weather_chancestorm.png; sourceTree = "<group>"; };
		34CF87B7196F9020000ED555 /* weather_chancestorm_notify.png */ = {isa = PBXFileReference; lastKnownFileType = image.png; path = weather_chancestorm_notify.png; sourceTree = "<group>"; };
		34CF87B8196F9020000ED555 /* weather_dust.png */ = {isa = PBXFileReference; lastKnownFileType = image.png; path = weather_dust.png; sourceTree = "<group>"; };
		34CF87B9196F9020000ED555 /* weather_dust_notify.png */ = {isa = PBXFileReference; lastKnownFileType = image.png; path = weather_dust_notify.png; sourceTree = "<group>"; };
		34CF87BA196F9020000ED555 /* weather_fog.png */ = {isa = PBXFileReference; lastKnownFileType = image.png; path = weather_fog.png; sourceTree = "<group>"; };
		34CF87BB196F9020000ED555 /* weather_fog_notify.png */ = {isa = PBXFileReference; lastKnownFileType = image.png; path = weather_fog_notify.png; sourceTree = "<group>"; };
		34CF87BC196F9020000ED555 /* weather_icyrain_notify.png */ = {isa = PBXFileReference; lastKnownFileType = image.png; path = weather_icyrain_notify.png; sourceTree = "<group>"; };
		34CF87BD196F9020000ED555 /* weather_lightrain_notify.png */ = {isa = PBXFileReference; lastKnownFileType = image.png; path = weather_lightrain_notify.png; sourceTree = "<group>"; };
		34CF87BE196F9020000ED555 /* weather_mostlycloudy.png */ = {isa = PBXFileReference; lastKnownFileType = image.png; path = weather_mostlycloudy.png; sourceTree = "<group>"; };
		34CF87BF196F9020000ED555 /* weather_mostlycloudy_notify.png */ = {isa = PBXFileReference; lastKnownFileType = image.png; path = weather_mostlycloudy_notify.png; sourceTree = "<group>"; };
		34CF87C0196F9020000ED555 /* weather_rain.png */ = {isa = PBXFileReference; lastKnownFileType = image.png; path = weather_rain.png; sourceTree = "<group>"; };
		34CF87C1196F9020000ED555 /* weather_rain_notify.png */ = {isa = PBXFileReference; lastKnownFileType = image.png; path = weather_rain_notify.png; sourceTree = "<group>"; };
		34CF87C2196F9020000ED555 /* weather_snow.png */ = {isa = PBXFileReference; lastKnownFileType = image.png; path = weather_snow.png; sourceTree = "<group>"; };
		34CF87C3196F9020000ED555 /* weather_snow_notify.png */ = {isa = PBXFileReference; lastKnownFileType = image.png; path = weather_snow_notify.png; sourceTree = "<group>"; };
		34CF87C4196F9020000ED555 /* weather_storm.png */ = {isa = PBXFileReference; lastKnownFileType = image.png; path = weather_storm.png; sourceTree = "<group>"; };
		34CF87C5196F9020000ED555 /* weather_storm_notify.png */ = {isa = PBXFileReference; lastKnownFileType = image.png; path = weather_storm_notify.png; sourceTree = "<group>"; };
		34CF87C6196F9020000ED555 /* weather_sunny.png */ = {isa = PBXFileReference; lastKnownFileType = image.png; path = weather_sunny.png; sourceTree = "<group>"; };
		34CF87C7196F9020000ED555 /* weather_sunny_notify.png */ = {isa = PBXFileReference; lastKnownFileType = image.png; path = weather_sunny_notify.png; sourceTree = "<group>"; };
		34CF87C8196F9020000ED555 /* worklog_tab1.png */ = {isa = PBXFileReference; lastKnownFileType = image.png; path = worklog_tab1.png; sourceTree = "<group>"; };
		34CF87C9196F9020000ED555 /* worklog_tab2.png */ = {isa = PBXFileReference; lastKnownFileType = image.png; path = worklog_tab2.png; sourceTree = "<group>"; };
		34CF87CA196F9020000ED555 /* worklog_tab3.png */ = {isa = PBXFileReference; lastKnownFileType = image.png; path = worklog_tab3.png; sourceTree = "<group>"; };
/* End PBXFileReference section */

/* Begin PBXFrameworksBuildPhase section */
		34B811A3196E88DA005DD08E /* Frameworks */ = {
			isa = PBXFrameworksBuildPhase;
			buildActionMask = 2147483647;
			files = (
				34B81264196EC2DF005DD08E /* iflyMSC.framework in Frameworks */,
				34B811AC196E88DA005DD08E /* CoreGraphics.framework in Frameworks */,
				34B811AE196E88DA005DD08E /* UIKit.framework in Frameworks */,
				34B811AA196E88DA005DD08E /* Foundation.framework in Frameworks */,
			);
			runOnlyForDeploymentPostprocessing = 0;
		};
		34B811BE196E88DA005DD08E /* Frameworks */ = {
			isa = PBXFrameworksBuildPhase;
			buildActionMask = 2147483647;
			files = (
				34B811C3196E88DA005DD08E /* XCTest.framework in Frameworks */,
				34B811C5196E88DA005DD08E /* UIKit.framework in Frameworks */,
				34B811C4196E88DA005DD08E /* Foundation.framework in Frameworks */,
			);
			runOnlyForDeploymentPostprocessing = 0;
		};
/* End PBXFrameworksBuildPhase section */

/* Begin PBXGroup section */
		34B8119D196E88DA005DD08E = {
			isa = PBXGroup;
			children = (
				34B811AF196E88DA005DD08E /* tabelView */,
				34B811C8196E88DA005DD08E /* tabelViewTests */,
				34B811A8196E88DA005DD08E /* Frameworks */,
				34B811A7196E88DA005DD08E /* Products */,
			);
			sourceTree = "<group>";
		};
		34B811A7196E88DA005DD08E /* Products */ = {
			isa = PBXGroup;
			children = (
				34B811A6196E88DA005DD08E /* tabelView.app */,
				34B811C1196E88DA005DD08E /* tabelViewTests.xctest */,
			);
			name = Products;
			sourceTree = "<group>";
		};
		34B811A8196E88DA005DD08E /* Frameworks */ = {
			isa = PBXGroup;
			children = (
				34B811A9196E88DA005DD08E /* Foundation.framework */,
				34B811AB196E88DA005DD08E /* CoreGraphics.framework */,
				34B811AD196E88DA005DD08E /* UIKit.framework */,
				34B811C2196E88DA005DD08E /* XCTest.framework */,
			);
			name = Frameworks;
			sourceTree = "<group>";
		};
		34B811AF196E88DA005DD08E /* tabelView */ = {
			isa = PBXGroup;
			children = (
				34B811B8196E88DA005DD08E /* AppDelegate.h */,
				34B811B9196E88DA005DD08E /* AppDelegate.m */,
				34B811E8196EC19F005DD08E /* M */,
				34B811E9196EC1A7005DD08E /* V */,
				34B811EA196EC1AF005DD08E /* C */,
				34B811BB196E88DA005DD08E /* Images.xcassets */,
				34B811B0196E88DA005DD08E /* Supporting Files */,
			);
			path = tabelView;
			sourceTree = "<group>";
		};
		34B811B0196E88DA005DD08E /* Supporting Files */ = {
			isa = PBXGroup;
			children = (
				34CF877C196F9020000ED555 /* Res */,
				34B811EB196EC2DE005DD08E /* Library */,
				34B811B1196E88DA005DD08E /* tabelView-Info.plist */,
				34B811B2196E88DA005DD08E /* InfoPlist.strings */,
				34B811B5196E88DA005DD08E /* main.m */,
				34B811B7196E88DA005DD08E /* tabelView-Prefix.pch */,
			);
			name = "Supporting Files";
			sourceTree = "<group>";
		};
		34B811C8196E88DA005DD08E /* tabelViewTests */ = {
			isa = PBXGroup;
			children = (
				34B811CE196E88DA005DD08E /* tabelViewTests.m */,
				34B811C9196E88DA005DD08E /* Supporting Files */,
			);
			path = tabelViewTests;
			sourceTree = "<group>";
		};
		34B811C9196E88DA005DD08E /* Supporting Files */ = {
			isa = PBXGroup;
			children = (
				34B811CA196E88DA005DD08E /* tabelViewTests-Info.plist */,
				34B811CB196E88DA005DD08E /* InfoPlist.strings */,
			);
			name = "Supporting Files";
			sourceTree = "<group>";
		};
		34B811E8196EC19F005DD08E /* M */ = {
			isa = PBXGroup;
			children = (
				34CF8775196F054C000ED555 /* UserInfo.h */,
				34CF8776196F054C000ED555 /* UserInfo.m */,
				34B811DD196E92E7005DD08E /* GroupBean.h */,
				34B811DE196E92E7005DD08E /* GroupBean.m */,
				34B811DF196E92E7005DD08E /* ContactBean.h */,
				34B811E0196E92E7005DD08E /* ContactBean.m */,
			);
			name = M;
			sourceTree = "<group>";
		};
		34B811E9196EC1A7005DD08E /* V */ = {
			isa = PBXGroup;
			children = (
				34B811E3196EC195005DD08E /* ListRowCell.h */,
				34B811E4196EC195005DD08E /* ListRowCell.m */,
				34B811E5196EC195005DD08E /* ListRowCell.xib */,
			);
			name = V;
			sourceTree = "<group>";
		};
		34B811EA196EC1AF005DD08E /* C */ = {
			isa = PBXGroup;
			children = (
				34CF8778196F06FB000ED555 /* BaseViewController.h */,
				34CF8779196F06FB000ED555 /* BaseViewController.m */,
				34B811D8196E88EF005DD08E /* TempRootViewController.h */,
				34B811D9196E88EF005DD08E /* TempRootViewController.m */,
				34B811DA196E88EF005DD08E /* TempRootViewController.xib */,
				34CF8770196F052B000ED555 /* UserInfoViewController.h */,
				34CF8771196F052B000ED555 /* UserInfoViewController.m */,
				34CF8772196F052B000ED555 /* UserInfoViewController.xib */,
			);
			name = C;
			sourceTree = "<group>";
		};
		34B811EB196EC2DE005DD08E /* Library */ = {
			isa = PBXGroup;
			children = (
				34B8127A196EC432005DD08E /* Extern */,
				34B81201196EC2DF005DD08E /* BubbleView */,
				34B81204196EC2DF005DD08E /* GridView */,
				34B8121C196EC2DF005DD08E /* iflyMSC.framework */,
				34B8122B196EC2DF005DD08E /* MBProgressHUD */,
				34B81238196EC2DF005DD08E /* SDWebImage */,
			);
			path = Library;
			sourceTree = SOURCE_ROOT;
		};
		34B81201196EC2DF005DD08E /* BubbleView */ = {
			isa = PBXGroup;
			children = (
				34B81202196EC2DF005DD08E /* BubbleView.h */,
				34B81203196EC2DF005DD08E /* BubbleView.m */,
			);
			path = BubbleView;
			sourceTree = "<group>";
		};
		34B81204196EC2DF005DD08E /* GridView */ = {
			isa = PBXGroup;
			children = (
				34B81205196EC2DF005DD08E /* LolayGridView.h */,
				34B81206196EC2DF005DD08E /* LolayGridView.m */,
				34B81207196EC2DF005DD08E /* LolayGridViewCell.h */,
				34B81208196EC2DF005DD08E /* LolayGridViewCell.m */,
				34B81209196EC2DF005DD08E /* RefreshCell.h */,
				34B8120A196EC2DF005DD08E /* RefreshCell.m */,
				34B8120B196EC2DF005DD08E /* Resources */,
			);
			path = GridView;
			sourceTree = "<group>";
		};
		34B8120B196EC2DF005DD08E /* Resources */ = {
			isa = PBXGroup;
			children = (
				34B8120C196EC2DF005DD08E /* blackArrow.png */,
				34B8120D196EC2DF005DD08E /* blackArrow@2x.png */,
				34B8120E196EC2DF005DD08E /* blueArrow.png */,
				34B8120F196EC2DF005DD08E /* blueArrow@2x.png */,
				34B81210196EC2DF005DD08E /* grayArrow.png */,
				34B81211196EC2DF005DD08E /* grayArrow@2x.png */,
				34B81212196EC2DF005DD08E /* refresh_release.wav */,
				34B81213196EC2DF005DD08E /* refresh_triggering.wav */,
				34B81214196EC2DF005DD08E /* small_arrow.png */,
				34B81215196EC2DF005DD08E /* small_arrow@2x.png */,
				34B81216196EC2DF005DD08E /* whiteArrow.png */,
				34B81217196EC2DF005DD08E /* whiteArrow@2x.png */,
			);
			path = Resources;
			sourceTree = "<group>";
		};
		34B8122B196EC2DF005DD08E /* MBProgressHUD */ = {
			isa = PBXGroup;
			children = (
				34B8122C196EC2DF005DD08E /* MBProgressHUD.h */,
				34B8122D196EC2DF005DD08E /* MBProgressHUD.m */,
			);
			path = MBProgressHUD;
			sourceTree = "<group>";
		};
		34B81238196EC2DF005DD08E /* SDWebImage */ = {
			isa = PBXGroup;
			children = (
				34B81239196EC2DF005DD08E /* LICENSE */,
				34B8123A196EC2DF005DD08E /* README.md */,
				34B8123B196EC2DF005DD08E /* SDImageCache.h */,
				34B8123C196EC2DF005DD08E /* SDImageCache.m */,
				34B8123D196EC2DF005DD08E /* SDImageCacheDelegate.h */,
				34B8123E196EC2DF005DD08E /* SDImageView.h */,
				34B8123F196EC2DF005DD08E /* SDImageView.m */,
				34B81240196EC2DF005DD08E /* SDWebImageCompat.h */,
				34B81241196EC2DF005DD08E /* SDWebImageDecoder.h */,
				34B81242196EC2DF005DD08E /* SDWebImageDecoder.m */,
				34B81243196EC2DF005DD08E /* SDWebImageDownloader.h */,
				34B81244196EC2DF005DD08E /* SDWebImageDownloader.m */,
				34B81245196EC2DF005DD08E /* SDWebImageDownloaderDelegate.h */,
				34B81246196EC2DF005DD08E /* SDWebImageManager.h */,
				34B81247196EC2DF005DD08E /* SDWebImageManager.m */,
				34B81248196EC2DF005DD08E /* SDWebImageManagerDelegate.h */,
				34B81249196EC2DF005DD08E /* SDWebImagePrefetcher.h */,
				34B8124A196EC2DF005DD08E /* SDWebImagePrefetcher.m */,
			);
			path = SDWebImage;
			sourceTree = "<group>";
		};
		34B8127A196EC432005DD08E /* Extern */ = {
			isa = PBXGroup;
			children = (
				34663362196EF2EC0088959F /* PXISARC.h */,
				34B8127B196EC440005DD08E /* UIView+Nib.h */,
				34B8127C196EC440005DD08E /* UIView+Nib.m */,
				34B8127D196EC440005DD08E /* UIColor+Hex.h */,
				34B8127E196EC440005DD08E /* UIColor+Hex.m */,
				34B8127F196EC441005DD08E /* NSURL+URLEncode.h */,
				34B81280196EC441005DD08E /* NSURL+URLEncode.m */,
				34B81281196EC441005DD08E /* NSDictionary+URLParam.h */,
				34B81282196EC441005DD08E /* NSDictionary+URLParam.m */,
			);
			name = Extern;
			sourceTree = "<group>";
		};
		34CF877C196F9020000ED555 /* Res */ = {
			isa = PBXGroup;
			children = (
				34CF877D196F9020000ED555 /* add_user_bt@2x.png */,
				34CF877E196F9020000ED555 /* add_worklog_share.png */,
				34CF877F196F9020000ED555 /* back_bt@2x.png */,
				34CF8780196F9020000ED555 /* back_navBar@2x.png */,
				34CF8781196F9020000ED555 /* base_send_normal.png */,
				34CF8782196F9020000ED555 /* bg_commonBt@2x.png */,
				34CF8783196F9020000ED555 /* bg_loginbt.png */,
				34CF8784196F9020000ED555 /* bg_loginview@2x.jpg */,
				34CF8785196F9020000ED555 /* bg_main_titleview@2x.png */,
				34CF8786196F9020000ED555 /* bg_navigationBar@2x.png */,
				34CF8787196F9020000ED555 /* bg_search@2x.png */,
				34CF8788196F9020000ED555 /* bg_signin.png */,
				34CF8789196F9020000ED555 /* bg_toolbar@2x.png */,
				34CF878A196F9020000ED555 /* bg_user_info@2x.png */,
				34CF878B196F9020000ED555 /* bg_view@2x.jpg */,
				34CF878C196F9020000ED555 /* btn_home_nor.png */,
				34CF878D196F9020000ED555 /* btn_home_sel.png */,
				34CF878E196F9020000ED555 /* chat_bubble_recv@2x.png */,
				34CF878F196F9020000ED555 /* chat_bubble_send@2x.png */,
				34CF8790196F9020000ED555 /* checkbox_off.png */,
				34CF8791196F9020000ED555 /* checkbox_on.png */,
				34CF8792196F9020000ED555 /* currentpageDot@2x.png */,
				34CF8793196F9020000ED555 /* home_tab_contact.png */,
				34CF8794196F9020000ED555 /* home_tab_notice.png */,
				34CF8795196F9020000ED555 /* home_tab_onework.png */,
				34CF8796196F9020000ED555 /* home_tab_today.png */,
				34CF8797196F9020000ED555 /* home_tab_trend.png */,
				34CF8798196F9020000ED555 /* home_tab_worklog.png */,
				34CF8799196F9020000ED555 /* hua_tong@2x.png */,
				34CF879A196F9020000ED555 /* icon_email@2x.png */,
				34CF879B196F9020000ED555 /* icon_sms@2x.png */,
				34CF879C196F9020000ED555 /* icon_tel@2x.png */,
				34CF879D196F9020000ED555 /* icon_telphone.png */,
				34CF879E196F9020000ED555 /* log_play_off.png */,
				34CF879F196F9020000ED555 /* login_code.png */,
				34CF87A0196F9020000ED555 /* login_input_bg.png */,
				34CF87A1196F9020000ED555 /* login_user.png */,
				34CF87A2196F9020000ED555 /* logout@2x.png */,
				34CF87A3196F9020000ED555 /* pageDot@2x.png */,
				34CF87A4196F9020000ED555 /* ponit.png */,
				34CF87A5196F9020000ED555 /* row_sepretor_line@2x.png */,
				34CF87A6196F9020000ED555 /* SearchBack@2x.png */,
				34CF87A7196F9020000ED555 /* section_bg_nor@2x.png */,
				34CF87A8196F9020000ED555 /* section_bg_sel@2x.png */,
				34CF87A9196F9020000ED555 /* section_icon_nor@2x.png */,
				34CF87AA196F9020000ED555 /* section_icon_sel@2x.png */,
				34CF87AB196F9020000ED555 /* signIn.png */,
				34CF87AC196F9020000ED555 /* user_icon.png */,
				34CF87AD196F9020000ED555 /* user_icon@2x.png */,
				34CF87AE196F9020000ED555 /* voice_button_bg@2x.png */,
				34CF87AF196F9020000ED555 /* voice_record@2x.png */,
				34CF87B0196F9020000ED555 /* voicesearch_btn_norma.png */,
				34CF87B1196F9020000ED555 /* wb_checkbox_0.png */,
				34CF87B2196F9020000ED555 /* wb_checkbox_1.png */,
				34CF87B3196F9020000ED555 /* Weather */,
				34CF87C8196F9020000ED555 /* worklog_tab1.png */,
				34CF87C9196F9020000ED555 /* worklog_tab2.png */,
				34CF87CA196F9020000ED555 /* worklog_tab3.png */,
			);
			path = Res;
			sourceTree = "<group>";
		};
		34CF87B3196F9020000ED555 /* Weather */ = {
			isa = PBXGroup;
			children = (
				34CF87B4196F9020000ED555 /* weather_chancerain_notify.png */,
				34CF87B5196F9020000ED555 /* weather_chancesnow_notify.png */,
				34CF87B6196F9020000ED555 /* weather_chancestorm.png */,
				34CF87B7196F9020000ED555 /* weather_chancestorm_notify.png */,
				34CF87B8196F9020000ED555 /* weather_dust.png */,
				34CF87B9196F9020000ED555 /* weather_dust_notify.png */,
				34CF87BA196F9020000ED555 /* weather_fog.png */,
				34CF87BB196F9020000ED555 /* weather_fog_notify.png */,
				34CF87BC196F9020000ED555 /* weather_icyrain_notify.png */,
				34CF87BD196F9020000ED555 /* weather_lightrain_notify.png */,
				34CF87BE196F9020000ED555 /* weather_mostlycloudy.png */,
				34CF87BF196F9020000ED555 /* weather_mostlycloudy_notify.png */,
				34CF87C0196F9020000ED555 /* weather_rain.png */,
				34CF87C1196F9020000ED555 /* weather_rain_notify.png */,
				34CF87C2196F9020000ED555 /* weather_snow.png */,
				34CF87C3196F9020000ED555 /* weather_snow_notify.png */,
				34CF87C4196F9020000ED555 /* weather_storm.png */,
				34CF87C5196F9020000ED555 /* weather_storm_notify.png */,
				34CF87C6196F9020000ED555 /* weather_sunny.png */,
				34CF87C7196F9020000ED555 /* weather_sunny_notify.png */,
			);
			path = Weather;
			sourceTree = "<group>";
		};
/* End PBXGroup section */

/* Begin PBXNativeTarget section */
		34B811A5196E88DA005DD08E /* tabelView */ = {
			isa = PBXNativeTarget;
			buildConfigurationList = 34B811D2196E88DA005DD08E /* Build configuration list for PBXNativeTarget "tabelView" */;
			buildPhases = (
				34B811A2196E88DA005DD08E /* Sources */,
				34B811A3196E88DA005DD08E /* Frameworks */,
				34B811A4196E88DA005DD08E /* Resources */,
			);
			buildRules = (
			);
			dependencies = (
			);
			name = tabelView;
			productName = tabelView;
			productReference = 34B811A6196E88DA005DD08E /* tabelView.app */;
			productType = "com.apple.product-type.application";
		};
		34B811C0196E88DA005DD08E /* tabelViewTests */ = {
			isa = PBXNativeTarget;
			buildConfigurationList = 34B811D5196E88DA005DD08E /* Build configuration list for PBXNativeTarget "tabelViewTests" */;
			buildPhases = (
				34B811BD196E88DA005DD08E /* Sources */,
				34B811BE196E88DA005DD08E /* Frameworks */,
				34B811BF196E88DA005DD08E /* Resources */,
			);
			buildRules = (
			);
			dependencies = (
				34B811C7196E88DA005DD08E /* PBXTargetDependency */,
			);
			name = tabelViewTests;
			productName = tabelViewTests;
			productReference = 34B811C1196E88DA005DD08E /* tabelViewTests.xctest */;
			productType = "com.apple.product-type.bundle.unit-test";
		};
/* End PBXNativeTarget section */

/* Begin PBXProject section */
		34B8119E196E88DA005DD08E /* Project object */ = {
			isa = PBXProject;
			attributes = {
				LastUpgradeCheck = 0500;
				ORGANIZATIONNAME = caoyuan;
				TargetAttributes = {
					34B811C0196E88DA005DD08E = {
						TestTargetID = 34B811A5196E88DA005DD08E;
					};
				};
			};
			buildConfigurationList = 34B811A1196E88DA005DD08E /* Build configuration list for PBXProject "tabelView" */;
			compatibilityVersion = "Xcode 3.2";
			developmentRegion = English;
			hasScannedForEncodings = 0;
			knownRegions = (
				en,
			);
			mainGroup = 34B8119D196E88DA005DD08E;
			productRefGroup = 34B811A7196E88DA005DD08E /* Products */;
			projectDirPath = "";
			projectRoot = "";
			targets = (
				34B811A5196E88DA005DD08E /* tabelView */,
				34B811C0196E88DA005DD08E /* tabelViewTests */,
			);
		};
/* End PBXProject section */

/* Begin PBXResourcesBuildPhase section */
		34B811A4196E88DA005DD08E /* Resources */ = {
			isa = PBXResourcesBuildPhase;
			buildActionMask = 2147483647;
			files = (
				34CF87D6196F9020000ED555 /* bg_signin.png in Resources */,
				34B8125B196EC2DF005DD08E /* grayArrow.png in Resources */,
				34CF87DB196F9020000ED555 /* btn_home_sel.png in Resources */,
				34CF87EB196F9020000ED555 /* icon_telphone.png in Resources */,
				34B8125A196EC2DF005DD08E /* blueArrow@2x.png in Resources */,
				34B81272196EC2DF005DD08E /* LICENSE in Resources */,
				34CF8800196F9020000ED555 /* wb_checkbox_1.png in Resources */,
				34CF87DF196F9020000ED555 /* checkbox_on.png in Resources */,
				34CF87EA196F9020000ED555 /* icon_tel@2x.png in Resources */,
				34CF87CB196F9020000ED555 /* add_user_bt@2x.png in Resources */,
				34CF87CE196F9020000ED555 /* back_navBar@2x.png in Resources */,
				34CF87E8196F9020000ED555 /* icon_email@2x.png in Resources */,
				34CF8806196F9020000ED555 /* weather_dust_notify.png in Resources */,
				34CF87F4196F9020000ED555 /* SearchBack@2x.png in Resources */,
				34CF87F0196F9020000ED555 /* logout@2x.png in Resources */,
				34CF87DE196F9020000ED555 /* checkbox_off.png in Resources */,
				34CF87E2196F9020000ED555 /* home_tab_notice.png in Resources */,
				34CF880F196F9020000ED555 /* weather_snow.png in Resources */,
				34CF87D9196F9020000ED555 /* bg_view@2x.jpg in Resources */,
				34CF87F6196F9020000ED555 /* section_bg_sel@2x.png in Resources */,
				34CF8813196F9020000ED555 /* weather_sunny.png in Resources */,
				34CF8809196F9020000ED555 /* weather_icyrain_notify.png in Resources */,
				34CF87DA196F9020000ED555 /* btn_home_nor.png in Resources */,
				34CF87D5196F9020000ED555 /* bg_search@2x.png in Resources */,
				34CF87FA196F9020000ED555 /* user_icon.png in Resources */,
				34CF87EC196F9020000ED555 /* log_play_off.png in Resources */,
				34B81260196EC2DF005DD08E /* small_arrow@2x.png in Resources */,
				34CF87ED196F9020000ED555 /* login_code.png in Resources */,
				34B811E7196EC195005DD08E /* ListRowCell.xib in Resources */,
				34CF87FB196F9020000ED555 /* user_icon@2x.png in Resources */,
				34CF87DD196F9020000ED555 /* chat_bubble_send@2x.png in Resources */,
				34CF87D7196F9020000ED555 /* bg_toolbar@2x.png in Resources */,
				34CF8804196F9020000ED555 /* weather_chancestorm_notify.png in Resources */,
				34CF87F3196F9020000ED555 /* row_sepretor_line@2x.png in Resources */,
				34B8125C196EC2DF005DD08E /* grayArrow@2x.png in Resources */,
				34CF87E1196F9020000ED555 /* home_tab_contact.png in Resources */,
				34B811B4196E88DA005DD08E /* InfoPlist.strings in Resources */,
				34CF8815196F9020000ED555 /* worklog_tab1.png in Resources */,
				34CF87DC196F9020000ED555 /* chat_bubble_recv@2x.png in Resources */,
				34CF880D196F9020000ED555 /* weather_rain.png in Resources */,
				34CF880E196F9020000ED555 /* weather_rain_notify.png in Resources */,
				34CF87FD196F9020000ED555 /* voice_record@2x.png in Resources */,
				34CF87F2196F9020000ED555 /* ponit.png in Resources */,
				34CF87FC196F9020000ED555 /* voice_button_bg@2x.png in Resources */,
				34CF87F7196F9020000ED555 /* section_icon_nor@2x.png in Resources */,
				34CF8814196F9020000ED555 /* weather_sunny_notify.png in Resources */,
				34CF8802196F9020000ED555 /* weather_chancesnow_notify.png in Resources */,
				34B81258196EC2DF005DD08E /* blackArrow@2x.png in Resources */,
				34CF880B196F9020000ED555 /* weather_mostlycloudy.png in Resources */,
				34CF8817196F9020000ED555 /* worklog_tab3.png in Resources */,
				34CF87E0196F9020000ED555 /* currentpageDot@2x.png in Resources */,
				34CF87D8196F9020000ED555 /* bg_user_info@2x.png in Resources */,
				34CF87D0196F9020000ED555 /* bg_commonBt@2x.png in Resources */,
				34CF87D2196F9020000ED555 /* bg_loginview@2x.jpg in Resources */,
				34B81261196EC2DF005DD08E /* whiteArrow.png in Resources */,
				34CF87FF196F9020000ED555 /* wb_checkbox_0.png in Resources */,
				34CF87F1196F9020000ED555 /* pageDot@2x.png in Resources */,
				34CF87EF196F9020000ED555 /* login_user.png in Resources */,
				34CF87E4196F9020000ED555 /* home_tab_today.png in Resources */,
				34B81257196EC2DF005DD08E /* blackArrow.png in Resources */,
				34B81259196EC2DF005DD08E /* blueArrow.png in Resources */,
				34CF87CC196F9020000ED555 /* add_worklog_share.png in Resources */,
				34B81262196EC2DF005DD08E /* whiteArrow@2x.png in Resources */,
				34B811BC196E88DA005DD08E /* Images.xcassets in Resources */,
				34CF87E7196F9020000ED555 /* hua_tong@2x.png in Resources */,
				34CF8812196F9020000ED555 /* weather_storm_notify.png in Resources */,
				34B8125F196EC2DF005DD08E /* small_arrow.png in Resources */,
				34CF8816196F9020000ED555 /* worklog_tab2.png in Resources */,
				34B8125D196EC2DF005DD08E /* refresh_release.wav in Resources */,
				34CF87E3196F9020000ED555 /* home_tab_onework.png in Resources */,
				34CF880A196F9020000ED555 /* weather_lightrain_notify.png in Resources */,
				34CF87EE196F9020000ED555 /* login_input_bg.png in Resources */,
				34B8125E196EC2DF005DD08E /* refresh_triggering.wav in Resources */,
				34CF87CF196F9020000ED555 /* base_send_normal.png in Resources */,
				34CF87F9196F9020000ED555 /* signIn.png in Resources */,
				34CF8805196F9020000ED555 /* weather_dust.png in Resources */,
				34CF87F8196F9020000ED555 /* section_icon_sel@2x.png in Resources */,
				34CF87E6196F9020000ED555 /* home_tab_worklog.png in Resources */,
				34CF87E9196F9020000ED555 /* icon_sms@2x.png in Resources */,
				34CF8774196F052B000ED555 /* UserInfoViewController.xib in Resources */,
				34CF87D1196F9020000ED555 /* bg_loginbt.png in Resources */,
				34CF8808196F9020000ED555 /* weather_fog_notify.png in Resources */,
				34CF87D4196F9020000ED555 /* bg_navigationBar@2x.png in Resources */,
				34CF87CD196F9020000ED555 /* back_bt@2x.png in Resources */,
				34CF8811196F9020000ED555 /* weather_storm.png in Resources */,
				34CF8803196F9020000ED555 /* weather_chancestorm.png in Resources */,
				34CF87F5196F9020000ED555 /* section_bg_nor@2x.png in Resources */,
				34B81273196EC2DF005DD08E /* README.md in Resources */,
				34CF880C196F9020000ED555 /* weather_mostlycloudy_notify.png in Resources */,
				34CF8801196F9020000ED555 /* weather_chancerain_notify.png in Resources */,
				34CF87D3196F9020000ED555 /* bg_main_titleview@2x.png in Resources */,
				34CF87FE196F9020000ED555 /* voicesearch_btn_norma.png in Resources */,
				34CF8807196F9020000ED555 /* weather_fog.png in Resources */,
				34CF8810196F9020000ED555 /* weather_snow_notify.png in Resources */,
				34CF87E5196F9020000ED555 /* home_tab_trend.png in Resources */,
				34B811DC196E88EF005DD08E /* TempRootViewController.xib in Resources */,
			);
			runOnlyForDeploymentPostprocessing = 0;
		};
		34B811BF196E88DA005DD08E /* Resources */ = {
			isa = PBXResourcesBuildPhase;
			buildActionMask = 2147483647;
			files = (
				34B811CD196E88DA005DD08E /* InfoPlist.strings in Resources */,
			);
			runOnlyForDeploymentPostprocessing = 0;
		};
/* End PBXResourcesBuildPhase section */

/* Begin PBXSourcesBuildPhase section */
		34B811A2196E88DA005DD08E /* Sources */ = {
			isa = PBXSourcesBuildPhase;
			buildActionMask = 2147483647;
			files = (
				34B811E2196E92E7005DD08E /* ContactBean.m in Sources */,
				34CF877A196F06FB000ED555 /* BaseViewController.m in Sources */,
				34B81275196EC2DF005DD08E /* SDImageView.m in Sources */,
				34B81274196EC2DF005DD08E /* SDImageCache.m in Sources */,
				34B811BA196E88DA005DD08E /* AppDelegate.m in Sources */,
				34B81279196EC2DF005DD08E /* SDWebImagePrefetcher.m in Sources */,
				34B81286196EC441005DD08E /* NSDictionary+URLParam.m in Sources */,
				34B81256196EC2DF005DD08E /* RefreshCell.m in Sources */,
				34B81276196EC2DF005DD08E /* SDWebImageDecoder.m in Sources */,
				34CF8777196F054C000ED555 /* UserInfo.m in Sources */,
				34B811E6196EC195005DD08E /* ListRowCell.m in Sources */,
				34B81284196EC441005DD08E /* UIColor+Hex.m in Sources */,
				34B81278196EC2DF005DD08E /* SDWebImageManager.m in Sources */,
				34B8126B196EC2DF005DD08E /* MBProgressHUD.m in Sources */,
				34B81253196EC2DF005DD08E /* BubbleView.m in Sources */,
				34B811E1196E92E7005DD08E /* GroupBean.m in Sources */,
				34B81283196EC441005DD08E /* UIView+Nib.m in Sources */,
				34B81255196EC2DF005DD08E /* LolayGridViewCell.m in Sources */,
				34B811B6196E88DA005DD08E /* main.m in Sources */,
				34CF8773196F052B000ED555 /* UserInfoViewController.m in Sources */,
				34B81277196EC2DF005DD08E /* SDWebImageDownloader.m in Sources */,
				34B81254196EC2DF005DD08E /* LolayGridView.m in Sources */,
				34B81285196EC441005DD08E /* NSURL+URLEncode.m in Sources */,
				34B811DB196E88EF005DD08E /* TempRootViewController.m in Sources */,
			);
			runOnlyForDeploymentPostprocessing = 0;
		};
		34B811BD196E88DA005DD08E /* Sources */ = {
			isa = PBXSourcesBuildPhase;
			buildActionMask = 2147483647;
			files = (
				34B811CF196E88DA005DD08E /* tabelViewTests.m in Sources */,
			);
			runOnlyForDeploymentPostprocessing = 0;
		};
/* End PBXSourcesBuildPhase section */

/* Begin PBXTargetDependency section */
		34B811C7196E88DA005DD08E /* PBXTargetDependency */ = {
			isa = PBXTargetDependency;
			target = 34B811A5196E88DA005DD08E /* tabelView */;
			targetProxy = 34B811C6196E88DA005DD08E /* PBXContainerItemProxy */;
		};
/* End PBXTargetDependency section */

/* Begin PBXVariantGroup section */
		34B811B2196E88DA005DD08E /* InfoPlist.strings */ = {
			isa = PBXVariantGroup;
			children = (
				34B811B3196E88DA005DD08E /* en */,
			);
			name = InfoPlist.strings;
			sourceTree = "<group>";
		};
		34B811CB196E88DA005DD08E /* InfoPlist.strings */ = {
			isa = PBXVariantGroup;
			children = (
				34B811CC196E88DA005DD08E /* en */,
			);
			name = InfoPlist.strings;
			sourceTree = "<group>";
		};
/* End PBXVariantGroup section */

/* Begin XCBuildConfiguration section */
		34B811D0196E88DA005DD08E /* Debug */ = {
			isa = XCBuildConfiguration;
			buildSettings = {
				ALWAYS_SEARCH_USER_PATHS = NO;
				ARCHS = "$(ARCHS_STANDARD_INCLUDING_64_BIT)";
				CLANG_CXX_LANGUAGE_STANDARD = "gnu++0x";
				CLANG_CXX_LIBRARY = "libc++";
				CLANG_ENABLE_MODULES = YES;
				CLANG_ENABLE_OBJC_ARC = YES;
				CLANG_WARN_BOOL_CONVERSION = YES;
				CLANG_WARN_CONSTANT_CONVERSION = YES;
				CLANG_WARN_DIRECT_OBJC_ISA_USAGE = YES_ERROR;
				CLANG_WARN_EMPTY_BODY = YES;
				CLANG_WARN_ENUM_CONVERSION = YES;
				CLANG_WARN_INT_CONVERSION = YES;
				CLANG_WARN_OBJC_ROOT_CLASS = YES_ERROR;
				CLANG_WARN__DUPLICATE_METHOD_MATCH = YES;
				"CODE_SIGN_IDENTITY[sdk=iphoneos*]" = "iPhone Developer";
				COPY_PHASE_STRIP = NO;
				GCC_C_LANGUAGE_STANDARD = gnu99;
				GCC_DYNAMIC_NO_PIC = NO;
				GCC_OPTIMIZATION_LEVEL = 0;
				GCC_PREPROCESSOR_DEFINITIONS = (
					"DEBUG=1",
					"$(inherited)",
				);
				GCC_SYMBOLS_PRIVATE_EXTERN = NO;
				GCC_WARN_64_TO_32_BIT_CONVERSION = YES;
				GCC_WARN_ABOUT_RETURN_TYPE = YES_ERROR;
				GCC_WARN_UNDECLARED_SELECTOR = YES;
				GCC_WARN_UNINITIALIZED_AUTOS = YES;
				GCC_WARN_UNUSED_FUNCTION = YES;
				GCC_WARN_UNUSED_VARIABLE = YES;
				IPHONEOS_DEPLOYMENT_TARGET = 7.1;
				ONLY_ACTIVE_ARCH = YES;
				SDKROOT = iphoneos;
			};
			name = Debug;
		};
		34B811D1196E88DA005DD08E /* Release */ = {
			isa = XCBuildConfiguration;
			buildSettings = {
				ALWAYS_SEARCH_USER_PATHS = NO;
				ARCHS = "$(ARCHS_STANDARD_INCLUDING_64_BIT)";
				CLANG_CXX_LANGUAGE_STANDARD = "gnu++0x";
				CLANG_CXX_LIBRARY = "libc++";
				CLANG_ENABLE_MODULES = YES;
				CLANG_ENABLE_OBJC_ARC = YES;
				CLANG_WARN_BOOL_CONVERSION = YES;
				CLANG_WARN_CONSTANT_CONVERSION = YES;
				CLANG_WARN_DIRECT_OBJC_ISA_USAGE = YES_ERROR;
				CLANG_WARN_EMPTY_BODY = YES;
				CLANG_WARN_ENUM_CONVERSION = YES;
				CLANG_WARN_INT_CONVERSION = YES;
				CLANG_WARN_OBJC_ROOT_CLASS = YES_ERROR;
				CLANG_WARN__DUPLICATE_METHOD_MATCH = YES;
				"CODE_SIGN_IDENTITY[sdk=iphoneos*]" = "iPhone Developer";
				COPY_PHASE_STRIP = YES;
				ENABLE_NS_ASSERTIONS = NO;
				GCC_C_LANGUAGE_STANDARD = gnu99;
				GCC_WARN_64_TO_32_BIT_CONVERSION = YES;
				GCC_WARN_ABOUT_RETURN_TYPE = YES_ERROR;
				GCC_WARN_UNDECLARED_SELECTOR = YES;
				GCC_WARN_UNINITIALIZED_AUTOS = YES;
				GCC_WARN_UNUSED_FUNCTION = YES;
				GCC_WARN_UNUSED_VARIABLE = YES;
				IPHONEOS_DEPLOYMENT_TARGET = 7.1;
				SDKROOT = iphoneos;
				VALIDATE_PRODUCT = YES;
			};
			name = Release;
		};
		34B811D3196E88DA005DD08E /* Debug */ = {
			isa = XCBuildConfiguration;
			buildSettings = {
				ASSETCATALOG_COMPILER_APPICON_NAME = AppIcon;
				ASSETCATALOG_COMPILER_LAUNCHIMAGE_NAME = LaunchImage;
				FRAMEWORK_SEARCH_PATHS = (
					"$(inherited)",
					/Users/caoyuan/Project/Git_Hub/iOS/test/tabelView/Library,
				);
				GCC_PRECOMPILE_PREFIX_HEADER = YES;
				GCC_PREFIX_HEADER = "tabelView/tabelView-Prefix.pch";
				INFOPLIST_FILE = "tabelView/tabelView-Info.plist";
				IPHONEOS_DEPLOYMENT_TARGET = 7.0;
				PRODUCT_NAME = "$(TARGET_NAME)";
				WRAPPER_EXTENSION = app;
			};
			name = Debug;
		};
		34B811D4196E88DA005DD08E /* Release */ = {
			isa = XCBuildConfiguration;
			buildSettings = {
				ASSETCATALOG_COMPILER_APPICON_NAME = AppIcon;
				ASSETCATALOG_COMPILER_LAUNCHIMAGE_NAME = LaunchImage;
				FRAMEWORK_SEARCH_PATHS = (
					"$(inherited)",
					/Users/caoyuan/Project/Git_Hub/iOS/test/tabelView/Library,
				);
				GCC_PRECOMPILE_PREFIX_HEADER = YES;
				GCC_PREFIX_HEADER = "tabelView/tabelView-Prefix.pch";
				INFOPLIST_FILE = "tabelView/tabelView-Info.plist";
				IPHONEOS_DEPLOYMENT_TARGET = 7.0;
				PRODUCT_NAME = "$(TARGET_NAME)";
				WRAPPER_EXTENSION = app;
			};
			name = Release;
		};
		34B811D6196E88DA005DD08E /* Debug */ = {
			isa = XCBuildConfiguration;
			buildSettings = {
				ARCHS = "$(ARCHS_STANDARD_INCLUDING_64_BIT)";
				BUNDLE_LOADER = "$(BUILT_PRODUCTS_DIR)/tabelView.app/tabelView";
				FRAMEWORK_SEARCH_PATHS = (
					"$(SDKROOT)/Developer/Library/Frameworks",
					"$(inherited)",
					"$(DEVELOPER_FRAMEWORKS_DIR)",
				);
				GCC_PRECOMPILE_PREFIX_HEADER = YES;
				GCC_PREFIX_HEADER = "tabelView/tabelView-Prefix.pch";
				GCC_PREPROCESSOR_DEFINITIONS = (
					"DEBUG=1",
					"$(inherited)",
				);
				INFOPLIST_FILE = "tabelViewTests/tabelViewTests-Info.plist";
				PRODUCT_NAME = "$(TARGET_NAME)";
				TEST_HOST = "$(BUNDLE_LOADER)";
				WRAPPER_EXTENSION = xctest;
			};
			name = Debug;
		};
		34B811D7196E88DA005DD08E /* Release */ = {
			isa = XCBuildConfiguration;
			buildSettings = {
				ARCHS = "$(ARCHS_STANDARD_INCLUDING_64_BIT)";
				BUNDLE_LOADER = "$(BUILT_PRODUCTS_DIR)/tabelView.app/tabelView";
				FRAMEWORK_SEARCH_PATHS = (
					"$(SDKROOT)/Developer/Library/Frameworks",
					"$(inherited)",
					"$(DEVELOPER_FRAMEWORKS_DIR)",
				);
				GCC_PRECOMPILE_PREFIX_HEADER = YES;
				GCC_PREFIX_HEADER = "tabelView/tabelView-Prefix.pch";
				INFOPLIST_FILE = "tabelViewTests/tabelViewTests-Info.plist";
				PRODUCT_NAME = "$(TARGET_NAME)";
				TEST_HOST = "$(BUNDLE_LOADER)";
				WRAPPER_EXTENSION = xctest;
			};
			name = Release;
		};
/* End XCBuildConfiguration section */

/* Begin XCConfigurationList section */
		34B811A1196E88DA005DD08E /* Build configuration list for PBXProject "tabelView" */ = {
			isa = XCConfigurationList;
			buildConfigurations = (
				34B811D0196E88DA005DD08E /* Debug */,
				34B811D1196E88DA005DD08E /* Release */,
			);
			defaultConfigurationIsVisible = 0;
			defaultConfigurationName = Release;
		};
		34B811D2196E88DA005DD08E /* Build configuration list for PBXNativeTarget "tabelView" */ = {
			isa = XCConfigurationList;
			buildConfigurations = (
				34B811D3196E88DA005DD08E /* Debug */,
				34B811D4196E88DA005DD08E /* Release */,
			);
			defaultConfigurationIsVisible = 0;
			defaultConfigurationName = Release;
		};
		34B811D5196E88DA005DD08E /* Build configuration list for PBXNativeTarget "tabelViewTests" */ = {
			isa = XCConfigurationList;
			buildConfigurations = (
				34B811D6196E88DA005DD08E /* Debug */,
				34B811D7196E88DA005DD08E /* Release */,
			);
			defaultConfigurationIsVisible = 0;
			defaultConfigurationName = Release;
		};
/* End XCConfigurationList section */
	};
	rootObject = 34B8119E196E88DA005DD08E /* Project object */;
}
