// !$*UTF8*$!
{
	archiveVersion = 1;
	classes = {
	};
	objectVersion = 46;
	objects = {

/* Begin PBXBuildFile section */
		3440DDAE1A7FA0BC0034213D /* testForStaticLibrary.h in CopyFiles */ = {isa = PBXBuildFile; fileRef = 3440DDAD1A7FA0BC0034213D /* testForStaticLibrary.h */; };
		3440DDB01A7FA0BC0034213D /* testForStaticLibrary.m in Sources */ = {isa = PBXBuildFile; fileRef = 3440DDAF1A7FA0BC0034213D /* testForStaticLibrary.m */; };
		3440DDB61A7FA0BD0034213D /* libtestForStaticLibrary.a in Frameworks */ = {isa = PBXBuildFile; fileRef = 3440DDAA1A7FA0BC0034213D /* libtestForStaticLibrary.a */; };
/* End PBXBuildFile section */

/* Begin PBXContainerItemProxy section */
		3440DDB71A7FA0BD0034213D /* PBXContainerItemProxy */ = {
			isa = PBXContainerItemProxy;
			containerPortal = 3440DDA21A7FA0BC0034213D /* Project object */;
			proxyType = 1;
			remoteGlobalIDString = 3440DDA91A7FA0BC0034213D;
			remoteInfo = testForStaticLibrary;
		};
/* End PBXContainerItemProxy section */

/* Begin PBXCopyFilesBuildPhase section */
		3440DDA81A7FA0BC0034213D /* CopyFiles */ = {
			isa = PBXCopyFilesBuildPhase;
			buildActionMask = 2147483647;
			dstPath = "include/$(PRODUCT_NAME)";
			dstSubfolderSpec = 16;
			files = (
				3440DDAE1A7FA0BC0034213D /* testForStaticLibrary.h in CopyFiles */,
			);
			runOnlyForDeploymentPostprocessing = 0;
		};
/* End PBXCopyFilesBuildPhase section */

/* Begin PBXFileReference section */
		3440DDAA1A7FA0BC0034213D /* libtestForStaticLibrary.a */ = {isa = PBXFileReference; explicitFileType = archive.ar; includeInIndex = 0; path = libtestForStaticLibrary.a; sourceTree = BUILT_PRODUCTS_DIR; };
		3440DDAD1A7FA0BC0034213D /* testForStaticLibrary.h */ = {isa = PBXFileReference; lastKnownFileType = sourcecode.c.h; path = testForStaticLibrary.h; sourceTree = "<group>"; };
		3440DDAF1A7FA0BC0034213D /* testForStaticLibrary.m */ = {isa = PBXFileReference; lastKnownFileType = sourcecode.c.objc; path = testForStaticLibrary.m; sourceTree = "<group>"; };
		3440DDB51A7FA0BD0034213D /* testForStaticLibraryTests.xctest */ = {isa = PBXFileReference; explicitFileType = wrapper.cfbundle; includeInIndex = 0; path = testForStaticLibraryTests.xctest; sourceTree = BUILT_PRODUCTS_DIR; };
		3440DDBB1A7FA0BD0034213D /* Info.plist */ = {isa = PBXFileReference; lastKnownFileType = text.plist.xml; path = Info.plist; sourceTree = "<group>"; };
/* End PBXFileReference section */

/* Begin PBXFrameworksBuildPhase section */
		3440DDA71A7FA0BC0034213D /* Frameworks */ = {
			isa = PBXFrameworksBuildPhase;
			buildActionMask = 2147483647;
			files = (
			);
			runOnlyForDeploymentPostprocessing = 0;
		};
		3440DDB21A7FA0BD0034213D /* Frameworks */ = {
			isa = PBXFrameworksBuildPhase;
			buildActionMask = 2147483647;
			files = (
				3440DDB61A7FA0BD0034213D /* libtestForStaticLibrary.a in Frameworks */,
			);
			runOnlyForDeploymentPostprocessing = 0;
		};
/* End PBXFrameworksBuildPhase section */

/* Begin PBXGroup section */
		3440DDA11A7FA0BC0034213D = {
			isa = PBXGroup;
			children = (
				3440DDAC1A7FA0BC0034213D /* testForStaticLibrary */,
				3440DDB91A7FA0BD0034213D /* testForStaticLibraryTests */,
				3440DDAB1A7FA0BC0034213D /* Products */,
			);
			sourceTree = "<group>";
		};
		3440DDAB1A7FA0BC0034213D /* Products */ = {
			isa = PBXGroup;
			children = (
				3440DDAA1A7FA0BC0034213D /* libtestForStaticLibrary.a */,
				3440DDB51A7FA0BD0034213D /* testForStaticLibraryTests.xctest */,
			);
			name = Products;
			sourceTree = "<group>";
		};
		3440DDAC1A7FA0BC0034213D /* testForStaticLibrary */ = {
			isa = PBXGroup;
			children = (
				3440DDAD1A7FA0BC0034213D /* testForStaticLibrary.h */,
				3440DDAF1A7FA0BC0034213D /* testForStaticLibrary.m */,
			);
			path = testForStaticLibrary;
			sourceTree = "<group>";
		};
		3440DDB91A7FA0BD0034213D /* testForStaticLibraryTests */ = {
			isa = PBXGroup;
			children = (
				3440DDBA1A7FA0BD0034213D /* Supporting Files */,
			);
			path = testForStaticLibraryTests;
			sourceTree = "<group>";
		};
		3440DDBA1A7FA0BD0034213D /* Supporting Files */ = {
			isa = PBXGroup;
			children = (
				3440DDBB1A7FA0BD0034213D /* Info.plist */,
			);
			name = "Supporting Files";
			sourceTree = "<group>";
		};
/* End PBXGroup section */

/* Begin PBXNativeTarget section */
		3440DDA91A7FA0BC0034213D /* testForStaticLibrary */ = {
			isa = PBXNativeTarget;
			buildConfigurationList = 3440DDBE1A7FA0BD0034213D /* Build configuration list for PBXNativeTarget "testForStaticLibrary" */;
			buildPhases = (
				3440DDA61A7FA0BC0034213D /* Sources */,
				3440DDA71A7FA0BC0034213D /* Frameworks */,
				3440DDA81A7FA0BC0034213D /* CopyFiles */,
			);
			buildRules = (
			);
			dependencies = (
			);
			name = testForStaticLibrary;
			productName = testForStaticLibrary;
			productReference = 3440DDAA1A7FA0BC0034213D /* libtestForStaticLibrary.a */;
			productType = "com.apple.product-type.library.static";
		};
		3440DDB41A7FA0BD0034213D /* testForStaticLibraryTests */ = {
			isa = PBXNativeTarget;
			buildConfigurationList = 3440DDC11A7FA0BD0034213D /* Build configuration list for PBXNativeTarget "testForStaticLibraryTests" */;
			buildPhases = (
				3440DDB11A7FA0BD0034213D /* Sources */,
				3440DDB21A7FA0BD0034213D /* Frameworks */,
				3440DDB31A7FA0BD0034213D /* Resources */,
			);
			buildRules = (
			);
			dependencies = (
				3440DDB81A7FA0BD0034213D /* PBXTargetDependency */,
			);
			name = testForStaticLibraryTests;
			productName = testForStaticLibraryTests;
			productReference = 3440DDB51A7FA0BD0034213D /* testForStaticLibraryTests.xctest */;
			productType = "com.apple.product-type.bundle.unit-test";
		};
/* End PBXNativeTarget section */

/* Begin PBXProject section */
		3440DDA21A7FA0BC0034213D /* Project object */ = {
			isa = PBXProject;
			attributes = {
				LastUpgradeCheck = 0610;
				ORGANIZATIONNAME = caoyuan;
				TargetAttributes = {
					3440DDA91A7FA0BC0034213D = {
						CreatedOnToolsVersion = 6.1.1;
					};
					3440DDB41A7FA0BD0034213D = {
						CreatedOnToolsVersion = 6.1.1;
					};
				};
			};
			buildConfigurationList = 3440DDA51A7FA0BC0034213D /* Build configuration list for PBXProject "testForStaticLibrary" */;
			compatibilityVersion = "Xcode 3.2";
			developmentRegion = English;
			hasScannedForEncodings = 0;
			knownRegions = (
				en,
			);
			mainGroup = 3440DDA11A7FA0BC0034213D;
			productRefGroup = 3440DDAB1A7FA0BC0034213D /* Products */;
			projectDirPath = "";
			projectRoot = "";
			targets = (
				3440DDA91A7FA0BC0034213D /* testForStaticLibrary */,
				3440DDB41A7FA0BD0034213D /* testForStaticLibraryTests */,
			);
		};
/* End PBXProject section */

/* Begin PBXResourcesBuildPhase section */
		3440DDB31A7FA0BD0034213D /* Resources */ = {
			isa = PBXResourcesBuildPhase;
			buildActionMask = 2147483647;
			files = (
			);
			runOnlyForDeploymentPostprocessing = 0;
		};
/* End PBXResourcesBuildPhase section */

/* Begin PBXSourcesBuildPhase section */
		3440DDA61A7FA0BC0034213D /* Sources */ = {
			isa = PBXSourcesBuildPhase;
			buildActionMask = 2147483647;
			files = (
				3440DDB01A7FA0BC0034213D /* testForStaticLibrary.m in Sources */,
			);
			runOnlyForDeploymentPostprocessing = 0;
		};
		3440DDB11A7FA0BD0034213D /* Sources */ = {
			isa = PBXSourcesBuildPhase;
			buildActionMask = 2147483647;
			files = (
			);
			runOnlyForDeploymentPostprocessing = 0;
		};
/* End PBXSourcesBuildPhase section */

/* Begin PBXTargetDependency section */
		3440DDB81A7FA0BD0034213D /* PBXTargetDependency */ = {
			isa = PBXTargetDependency;
			target = 3440DDA91A7FA0BC0034213D /* testForStaticLibrary */;
			targetProxy = 3440DDB71A7FA0BD0034213D /* PBXContainerItemProxy */;
		};
/* End PBXTargetDependency section */

/* Begin XCBuildConfiguration section */
		3440DDBC1A7FA0BD0034213D /* Debug */ = {
			isa = XCBuildConfiguration;
			buildSettings = {
				ALWAYS_SEARCH_USER_PATHS = NO;
				CLANG_CXX_LANGUAGE_STANDARD = "gnu++0x";
				CLANG_CXX_LIBRARY = "libc++";
				CLANG_ENABLE_MODULES = YES;
				CLANG_ENABLE_OBJC_ARC = YES;
				CLANG_WARN_BOOL_CONVERSION = YES;
				CLANG_WARN_CONSTANT_CONVERSION = YES;
				CLANG_WARN_DIRECT_OBJC_ISA_USAGE = YES_ERROR;
				CLANG_WARN_EMPTY_BODY = YES;
				CLANG_WARN_ENUM_CONVERSION = YES;
				CLANG_WARN_INT_CONVERSION = YES;
				CLANG_WARN_OBJC_ROOT_CLASS = YES_ERROR;
				CLANG_WARN_UNREACHABLE_CODE = YES;
				CLANG_WARN__DUPLICATE_METHOD_MATCH = YES;
				COPY_PHASE_STRIP = NO;
				ENABLE_STRICT_OBJC_MSGSEND = YES;
				GCC_C_LANGUAGE_STANDARD = gnu99;
				GCC_DYNAMIC_NO_PIC = NO;
				GCC_OPTIMIZATION_LEVEL = 0;
				GCC_PREPROCESSOR_DEFINITIONS = (
					"DEBUG=1",
					"$(inherited)",
				);
				GCC_SYMBOLS_PRIVATE_EXTERN = NO;
				GCC_WARN_64_TO_32_BIT_CONVERSION = YES;
				GCC_WARN_ABOUT_RETURN_TYPE = YES_ERROR;
				GCC_WARN_UNDECLARED_SELECTOR = YES;
				GCC_WARN_UNINITIALIZED_AUTOS = YES_AGGRESSIVE;
				GCC_WARN_UNUSED_FUNCTION = YES;
				GCC_WARN_UNUSED_VARIABLE = YES;
				IPHONEOS_DEPLOYMENT_TARGET = 6.1;
				MTL_ENABLE_DEBUG_INFO = YES;
				ONLY_ACTIVE_ARCH = YES;
				SDKROOT = iphoneos;
			};
			name = Debug;
		};
		3440DDBD1A7FA0BD0034213D /* Release */ = {
			isa = XCBuildConfiguration;
			buildSettings = {
				ALWAYS_SEARCH_USER_PATHS = NO;
				CLANG_CXX_LANGUAGE_STANDARD = "gnu++0x";
				CLANG_CXX_LIBRARY = "libc++";
				CLANG_ENABLE_MODULES = YES;
				CLANG_ENABLE_OBJC_ARC = YES;
				CLANG_WARN_BOOL_CONVERSION = YES;
				CLANG_WARN_CONSTANT_CONVERSION = YES;
				CLANG_WARN_DIRECT_OBJC_ISA_USAGE = YES_ERROR;
				CLANG_WARN_EMPTY_BODY = YES;
				CLANG_WARN_ENUM_CONVERSION = YES;
				CLANG_WARN_INT_CONVERSION = YES;
				CLANG_WARN_OBJC_ROOT_CLASS = YES_ERROR;
				CLANG_WARN_UNREACHABLE_CODE = YES;
				CLANG_WARN__DUPLICATE_METHOD_MATCH = YES;
				COPY_PHASE_STRIP = YES;
				ENABLE_NS_ASSERTIONS = NO;
				ENABLE_STRICT_OBJC_MSGSEND = YES;
				GCC_C_LANGUAGE_STANDARD = gnu99;
				GCC_WARN_64_TO_32_BIT_CONVERSION = YES;
				GCC_WARN_ABOUT_RETURN_TYPE = YES_ERROR;
				GCC_WARN_UNDECLARED_SELECTOR = YES;
				GCC_WARN_UNINITIALIZED_AUTOS = YES_AGGRESSIVE;
				GCC_WARN_UNUSED_FUNCTION = YES;
				GCC_WARN_UNUSED_VARIABLE = YES;
				IPHONEOS_DEPLOYMENT_TARGET = 6.1;
				MTL_ENABLE_DEBUG_INFO = NO;
				SDKROOT = iphoneos;
				VALIDATE_PRODUCT = YES;
			};
			name = Release;
		};
		3440DDBF1A7FA0BD0034213D /* Debug */ = {
			isa = XCBuildConfiguration;
			buildSettings = {
				OTHER_LDFLAGS = "-ObjC";
				PRODUCT_NAME = "$(TARGET_NAME)";
				SKIP_INSTALL = YES;
			};
			name = Debug;
		};
		3440DDC01A7FA0BD0034213D /* Release */ = {
			isa = XCBuildConfiguration;
			buildSettings = {
				OTHER_LDFLAGS = "-ObjC";
				PRODUCT_NAME = "$(TARGET_NAME)";
				SKIP_INSTALL = YES;
			};
			name = Release;
		};
		3440DDC21A7FA0BD0034213D /* Debug */ = {
			isa = XCBuildConfiguration;
			buildSettings = {
				FRAMEWORK_SEARCH_PATHS = (
					"$(SDKROOT)/Developer/Library/Frameworks",
					"$(inherited)",
				);
				GCC_PREPROCESSOR_DEFINITIONS = (
					"DEBUG=1",
					"$(inherited)",
				);
				INFOPLIST_FILE = testForStaticLibraryTests/Info.plist;
				LD_RUNPATH_SEARCH_PATHS = "$(inherited) @executable_path/Frameworks @loader_path/Frameworks";
				PRODUCT_NAME = "$(TARGET_NAME)";
			};
			name = Debug;
		};
		3440DDC31A7FA0BD0034213D /* Release */ = {
			isa = XCBuildConfiguration;
			buildSettings = {
				FRAMEWORK_SEARCH_PATHS = (
					"$(SDKROOT)/Developer/Library/Frameworks",
					"$(inherited)",
				);
				INFOPLIST_FILE = testForStaticLibraryTests/Info.plist;
				LD_RUNPATH_SEARCH_PATHS = "$(inherited) @executable_path/Frameworks @loader_path/Frameworks";
				PRODUCT_NAME = "$(TARGET_NAME)";
			};
			name = Release;
		};
/* End XCBuildConfiguration section */

/* Begin XCConfigurationList section */
		3440DDA51A7FA0BC0034213D /* Build configuration list for PBXProject "testForStaticLibrary" */ = {
			isa = XCConfigurationList;
			buildConfigurations = (
				3440DDBC1A7FA0BD0034213D /* Debug */,
				3440DDBD1A7FA0BD0034213D /* Release */,
			);
			defaultConfigurationIsVisible = 0;
			defaultConfigurationName = Release;
		};
		3440DDBE1A7FA0BD0034213D /* Build configuration list for PBXNativeTarget "testForStaticLibrary" */ = {
			isa = XCConfigurationList;
			buildConfigurations = (
				3440DDBF1A7FA0BD0034213D /* Debug */,
				3440DDC01A7FA0BD0034213D /* Release */,
			);
			defaultConfigurationIsVisible = 0;
			defaultConfigurationName = Release;
		};
		3440DDC11A7FA0BD0034213D /* Build configuration list for PBXNativeTarget "testForStaticLibraryTests" */ = {
			isa = XCConfigurationList;
			buildConfigurations = (
				3440DDC21A7FA0BD0034213D /* Debug */,
				3440DDC31A7FA0BD0034213D /* Release */,
			);
			defaultConfigurationIsVisible = 0;
			defaultConfigurationName = Release;
		};
/* End XCConfigurationList section */
	};
	rootObject = 3440DDA21A7FA0BC0034213D /* Project object */;
}
